// !$*UTF8*$!
{
	archiveVersion = 1;
	classes = {
	};
	objectVersion = 46;
	objects = {

/* Begin PBXBuildFile section */
		FC1C62811D124B9000BB8445 /* main.m in Sources */ = {isa = PBXBuildFile; fileRef = FC1C62801D124B9000BB8445 /* main.m */; };
		FC1C62841D124B9000BB8445 /* AppDelegate.m in Sources */ = {isa = PBXBuildFile; fileRef = FC1C62831D124B9000BB8445 /* AppDelegate.m */; };
		FC1C62871D124B9000BB8445 /* ViewController.m in Sources */ = {isa = PBXBuildFile; fileRef = FC1C62861D124B9000BB8445 /* ViewController.m */; };
		FC1C628A1D124B9000BB8445 /* Main.storyboard in Resources */ = {isa = PBXBuildFile; fileRef = FC1C62881D124B9000BB8445 /* Main.storyboard */; };
		FC1C628D1D124B9000BB8445 /* mggroup.xcdatamodeld in Sources */ = {isa = PBXBuildFile; fileRef = FC1C628B1D124B9000BB8445 /* mggroup.xcdatamodeld */; };
		FC1C628F1D124B9000BB8445 /* Assets.xcassets in Resources */ = {isa = PBXBuildFile; fileRef = FC1C628E1D124B9000BB8445 /* Assets.xcassets */; };
		FC1C62921D124B9000BB8445 /* LaunchScreen.storyboard in Resources */ = {isa = PBXBuildFile; fileRef = FC1C62901D124B9000BB8445 /* LaunchScreen.storyboard */; };
		FC1C629B1D12709D00BB8445 /* TaskController.m in Sources */ = {isa = PBXBuildFile; fileRef = FC1C629A1D12709D00BB8445 /* TaskController.m */; };
		FC1C629E1D12715800BB8445 /* StartTaskCell.m in Sources */ = {isa = PBXBuildFile; fileRef = FC1C629D1D12715800BB8445 /* StartTaskCell.m */; };
		FC1C62A11D12716200BB8445 /* EndTaskCell.m in Sources */ = {isa = PBXBuildFile; fileRef = FC1C62A01D12716200BB8445 /* EndTaskCell.m */; };
		FC1C62A51D12850900BB8445 /* WaiterController.m in Sources */ = {isa = PBXBuildFile; fileRef = FC1C62A41D12850900BB8445 /* WaiterController.m */; };
		FC1C62A91D12859900BB8445 /* WaiterDetailCell.m in Sources */ = {isa = PBXBuildFile; fileRef = FC1C62A81D12859900BB8445 /* WaiterDetailCell.m */; };
		FC1C62AC1D1286D400BB8445 /* WaiterDetailController.m in Sources */ = {isa = PBXBuildFile; fileRef = FC1C62AB1D1286D400BB8445 /* WaiterDetailController.m */; };
		FC1C62AF1D1286E800BB8445 /* CalendarController.m in Sources */ = {isa = PBXBuildFile; fileRef = FC1C62AE1D1286E800BB8445 /* CalendarController.m */; };
		FC1C62B21D12870D00BB8445 /* DetailViewController.m in Sources */ = {isa = PBXBuildFile; fileRef = FC1C62B11D12870D00BB8445 /* DetailViewController.m */; };
		FC1C62C01D12A48A00BB8445 /* DateCell.m in Sources */ = {isa = PBXBuildFile; fileRef = FC1C62BF1D12A48A00BB8445 /* DateCell.m */; };
		FC8C4CB61D9505A5004C31F7 /* AssignTaskWaiterCell.m in Sources */ = {isa = PBXBuildFile; fileRef = FC8C4CB51D9505A5004C31F7 /* AssignTaskWaiterCell.m */; };
		FCA3386D1D8F799200ED8BFA /* DropDownView.m in Sources */ = {isa = PBXBuildFile; fileRef = FCA3386C1D8F799200ED8BFA /* DropDownView.m */; };
		FCA338701D8F903A00ED8BFA /* CreateWaiterAreaCell.m in Sources */ = {isa = PBXBuildFile; fileRef = FCA3386F1D8F903A00ED8BFA /* CreateWaiterAreaCell.m */; };
		FCA338731D8FC7B500ED8BFA /* WaiterDetailFirstController.m in Sources */ = {isa = PBXBuildFile; fileRef = FCA338721D8FC7B500ED8BFA /* WaiterDetailFirstController.m */; };
		FCA338761D8FC7C800ED8BFA /* WaiterDetailLastController.m in Sources */ = {isa = PBXBuildFile; fileRef = FCA338751D8FC7C800ED8BFA /* WaiterDetailLastController.m */; };
		FCA338791D8FD73200ED8BFA /* WaiterWorkNoteController.m in Sources */ = {isa = PBXBuildFile; fileRef = FCA338781D8FD73200ED8BFA /* WaiterWorkNoteController.m */; };
		FCA338851D8FEB4C00ED8BFA /* DateChooseController.m in Sources */ = {isa = PBXBuildFile; fileRef = FCA338841D8FEB4C00ED8BFA /* DateChooseController.m */; };
		FCA6F6171D94C5520052F212 /* AssignOrderController.m in Sources */ = {isa = PBXBuildFile; fileRef = FCA6F6161D94C5520052F212 /* AssignOrderController.m */; };
		FCA6F61A1D94D0FF0052F212 /* TaskCompleteController.m in Sources */ = {isa = PBXBuildFile; fileRef = FCA6F6191D94D0FF0052F212 /* TaskCompleteController.m */; };
		FCA6F61D1D94D10C0052F212 /* TaskCancelController.m in Sources */ = {isa = PBXBuildFile; fileRef = FCA6F61C1D94D10C0052F212 /* TaskCancelController.m */; };
		FCB578FE1D990CBF00B3CA47 /* StatisticsController.m in Sources */ = {isa = PBXBuildFile; fileRef = FCB578FD1D990CBF00B3CA47 /* StatisticsController.m */; };
		FCB579011D99158600B3CA47 /* StatisticsDetailController.m in Sources */ = {isa = PBXBuildFile; fileRef = FCB579001D99158600B3CA47 /* StatisticsDetailController.m */; };
		FCB579041D99213F00B3CA47 /* AllTaskNumberCell.m in Sources */ = {isa = PBXBuildFile; fileRef = FCB579031D99213F00B3CA47 /* AllTaskNumberCell.m */; };
		FCB5790A1D99217600B3CA47 /* TaskAreaChooseCell.m in Sources */ = {isa = PBXBuildFile; fileRef = FCB579091D99217600B3CA47 /* TaskAreaChooseCell.m */; };
		FCB5790D1D99219000B3CA47 /* StatisticsDetailCell.m in Sources */ = {isa = PBXBuildFile; fileRef = FCB5790C1D99219000B3CA47 /* StatisticsDetailCell.m */; };
		FCB78BB11D9A092900B59501 /* DateChooseBaseController.m in Sources */ = {isa = PBXBuildFile; fileRef = FCB78BB01D9A092900B59501 /* DateChooseBaseController.m */; };
		FCC7BCC11D93B3CC00F0B900 /* TaskBaseController.m in Sources */ = {isa = PBXBuildFile; fileRef = FCC7BCC01D93B3CC00F0B900 /* TaskBaseController.m */; };
		FCC7BCC41D93C13800F0B900 /* TaskNoCompleteController.m in Sources */ = {isa = PBXBuildFile; fileRef = FCC7BCC31D93C13800F0B900 /* TaskNoCompleteController.m */; };
		FCC7BCC71D93CE1700F0B900 /* TaskCodeCell.m in Sources */ = {isa = PBXBuildFile; fileRef = FCC7BCC61D93CE1700F0B900 /* TaskCodeCell.m */; };
		FCC7BCCA1D93CF7A00F0B900 /* TaskNoAcceptCallCell.m in Sources */ = {isa = PBXBuildFile; fileRef = FCC7BCC91D93CF7A00F0B900 /* TaskNoAcceptCallCell.m */; };
		FCC7BCCD1D93CF9200F0B900 /* TaskNoAcceptMenuCell.m in Sources */ = {isa = PBXBuildFile; fileRef = FCC7BCCC1D93CF9200F0B900 /* TaskNoAcceptMenuCell.m */; };
		FCC7BCD01D93CFA700F0B900 /* TaskNoCompleteCallCell.m in Sources */ = {isa = PBXBuildFile; fileRef = FCC7BCCF1D93CFA700F0B900 /* TaskNoCompleteCallCell.m */; };
		FCC7BCD31D93CFBD00F0B900 /* TaskNoCompleteMenuCell.m in Sources */ = {isa = PBXBuildFile; fileRef = FCC7BCD21D93CFBD00F0B900 /* TaskNoCompleteMenuCell.m */; };
		FCC7BCD61D93CFD600F0B900 /* TaskCompleteCallCell.m in Sources */ = {isa = PBXBuildFile; fileRef = FCC7BCD51D93CFD600F0B900 /* TaskCompleteCallCell.m */; };
		FCC7BCD91D93CFEA00F0B900 /* TaskCompleteMenuCell.m in Sources */ = {isa = PBXBuildFile; fileRef = FCC7BCD81D93CFEA00F0B900 /* TaskCompleteMenuCell.m */; };
		FCC7BCDC1D93CFFC00F0B900 /* TaskCancelCallCell.m in Sources */ = {isa = PBXBuildFile; fileRef = FCC7BCDB1D93CFFC00F0B900 /* TaskCancelCallCell.m */; };
		FCC7BCDF1D93D01000F0B900 /* TaskCancelMenuCell.m in Sources */ = {isa = PBXBuildFile; fileRef = FCC7BCDE1D93D01000F0B900 /* TaskCancelMenuCell.m */; };
		FCDE87A61D8E62C8003ECBDB /* WaiterChooseController.m in Sources */ = {isa = PBXBuildFile; fileRef = FCDE87A51D8E62C8003ECBDB /* WaiterChooseController.m */; };
		FCDE87A91D8E70E1003ECBDB /* CreateWaiterController.m in Sources */ = {isa = PBXBuildFile; fileRef = FCDE87A81D8E70E1003ECBDB /* CreateWaiterController.m */; };
		FCDE87AC1D8E77CA003ECBDB /* CreateWaiterNextController.m in Sources */ = {isa = PBXBuildFile; fileRef = FCDE87AB1D8E77CA003ECBDB /* CreateWaiterNextController.m */; };
/* End PBXBuildFile section */

/* Begin PBXFileReference section */
		FC1C627C1D124B9000BB8445 /* mggroup.app */ = {isa = PBXFileReference; explicitFileType = wrapper.application; includeInIndex = 0; path = mggroup.app; sourceTree = BUILT_PRODUCTS_DIR; };
		FC1C62801D124B9000BB8445 /* main.m */ = {isa = PBXFileReference; lastKnownFileType = sourcecode.c.objc; path = main.m; sourceTree = "<group>"; };
		FC1C62821D124B9000BB8445 /* AppDelegate.h */ = {isa = PBXFileReference; lastKnownFileType = sourcecode.c.h; path = AppDelegate.h; sourceTree = "<group>"; };
		FC1C62831D124B9000BB8445 /* AppDelegate.m */ = {isa = PBXFileReference; lastKnownFileType = sourcecode.c.objc; path = AppDelegate.m; sourceTree = "<group>"; };
		FC1C62851D124B9000BB8445 /* ViewController.h */ = {isa = PBXFileReference; lastKnownFileType = sourcecode.c.h; path = ViewController.h; sourceTree = "<group>"; };
		FC1C62861D124B9000BB8445 /* ViewController.m */ = {isa = PBXFileReference; lastKnownFileType = sourcecode.c.objc; path = ViewController.m; sourceTree = "<group>"; };
		FC1C62891D124B9000BB8445 /* Base */ = {isa = PBXFileReference; lastKnownFileType = file.storyboard; name = Base; path = Base.lproj/Main.storyboard; sourceTree = "<group>"; };
		FC1C628C1D124B9000BB8445 /* mggroup.xcdatamodel */ = {isa = PBXFileReference; lastKnownFileType = wrapper.xcdatamodel; path = mggroup.xcdatamodel; sourceTree = "<group>"; };
		FC1C628E1D124B9000BB8445 /* Assets.xcassets */ = {isa = PBXFileReference; lastKnownFileType = folder.assetcatalog; path = Assets.xcassets; sourceTree = "<group>"; };
		FC1C62911D124B9000BB8445 /* Base */ = {isa = PBXFileReference; lastKnownFileType = file.storyboard; name = Base; path = Base.lproj/LaunchScreen.storyboard; sourceTree = "<group>"; };
		FC1C62931D124B9000BB8445 /* Info.plist */ = {isa = PBXFileReference; lastKnownFileType = text.plist.xml; path = Info.plist; sourceTree = "<group>"; };
		FC1C62991D12709D00BB8445 /* TaskController.h */ = {isa = PBXFileReference; fileEncoding = 4; lastKnownFileType = sourcecode.c.h; path = TaskController.h; sourceTree = "<group>"; };
		FC1C629A1D12709D00BB8445 /* TaskController.m */ = {isa = PBXFileReference; fileEncoding = 4; lastKnownFileType = sourcecode.c.objc; path = TaskController.m; sourceTree = "<group>"; };
		FC1C629C1D12715800BB8445 /* StartTaskCell.h */ = {isa = PBXFileReference; fileEncoding = 4; lastKnownFileType = sourcecode.c.h; path = StartTaskCell.h; sourceTree = "<group>"; };
		FC1C629D1D12715800BB8445 /* StartTaskCell.m */ = {isa = PBXFileReference; fileEncoding = 4; lastKnownFileType = sourcecode.c.objc; path = StartTaskCell.m; sourceTree = "<group>"; };
		FC1C629F1D12716200BB8445 /* EndTaskCell.h */ = {isa = PBXFileReference; fileEncoding = 4; lastKnownFileType = sourcecode.c.h; path = EndTaskCell.h; sourceTree = "<group>"; };
		FC1C62A01D12716200BB8445 /* EndTaskCell.m */ = {isa = PBXFileReference; fileEncoding = 4; lastKnownFileType = sourcecode.c.objc; path = EndTaskCell.m; sourceTree = "<group>"; };
		FC1C62A31D12850900BB8445 /* WaiterController.h */ = {isa = PBXFileReference; fileEncoding = 4; lastKnownFileType = sourcecode.c.h; path = WaiterController.h; sourceTree = "<group>"; };
		FC1C62A41D12850900BB8445 /* WaiterController.m */ = {isa = PBXFileReference; fileEncoding = 4; lastKnownFileType = sourcecode.c.objc; path = WaiterController.m; sourceTree = "<group>"; };
		FC1C62A71D12859900BB8445 /* WaiterDetailCell.h */ = {isa = PBXFileReference; fileEncoding = 4; lastKnownFileType = sourcecode.c.h; path = WaiterDetailCell.h; sourceTree = "<group>"; };
		FC1C62A81D12859900BB8445 /* WaiterDetailCell.m */ = {isa = PBXFileReference; fileEncoding = 4; lastKnownFileType = sourcecode.c.objc; path = WaiterDetailCell.m; sourceTree = "<group>"; };
		FC1C62AA1D1286D400BB8445 /* WaiterDetailController.h */ = {isa = PBXFileReference; fileEncoding = 4; lastKnownFileType = sourcecode.c.h; path = WaiterDetailController.h; sourceTree = "<group>"; };
		FC1C62AB1D1286D400BB8445 /* WaiterDetailController.m */ = {isa = PBXFileReference; fileEncoding = 4; lastKnownFileType = sourcecode.c.objc; path = WaiterDetailController.m; sourceTree = "<group>"; };
		FC1C62AD1D1286E800BB8445 /* CalendarController.h */ = {isa = PBXFileReference; fileEncoding = 4; lastKnownFileType = sourcecode.c.h; path = CalendarController.h; sourceTree = "<group>"; };
		FC1C62AE1D1286E800BB8445 /* CalendarController.m */ = {isa = PBXFileReference; fileEncoding = 4; lastKnownFileType = sourcecode.c.objc; path = CalendarController.m; sourceTree = "<group>"; };
		FC1C62B01D12870D00BB8445 /* DetailViewController.h */ = {isa = PBXFileReference; fileEncoding = 4; lastKnownFileType = sourcecode.c.h; path = DetailViewController.h; sourceTree = "<group>"; };
		FC1C62B11D12870D00BB8445 /* DetailViewController.m */ = {isa = PBXFileReference; fileEncoding = 4; lastKnownFileType = sourcecode.c.objc; path = DetailViewController.m; sourceTree = "<group>"; };
		FC1C62BE1D12A48A00BB8445 /* DateCell.h */ = {isa = PBXFileReference; fileEncoding = 4; lastKnownFileType = sourcecode.c.h; path = DateCell.h; sourceTree = "<group>"; };
		FC1C62BF1D12A48A00BB8445 /* DateCell.m */ = {isa = PBXFileReference; fileEncoding = 4; lastKnownFileType = sourcecode.c.objc; path = DateCell.m; sourceTree = "<group>"; };
		FC8C4CB41D9505A5004C31F7 /* AssignTaskWaiterCell.h */ = {isa = PBXFileReference; fileEncoding = 4; lastKnownFileType = sourcecode.c.h; path = AssignTaskWaiterCell.h; sourceTree = "<group>"; };
		FC8C4CB51D9505A5004C31F7 /* AssignTaskWaiterCell.m */ = {isa = PBXFileReference; fileEncoding = 4; lastKnownFileType = sourcecode.c.objc; path = AssignTaskWaiterCell.m; sourceTree = "<group>"; };
		FCA3386B1D8F799200ED8BFA /* DropDownView.h */ = {isa = PBXFileReference; fileEncoding = 4; lastKnownFileType = sourcecode.c.h; path = DropDownView.h; sourceTree = "<group>"; };
		FCA3386C1D8F799200ED8BFA /* DropDownView.m */ = {isa = PBXFileReference; fileEncoding = 4; lastKnownFileType = sourcecode.c.objc; path = DropDownView.m; sourceTree = "<group>"; };
		FCA3386E1D8F903A00ED8BFA /* CreateWaiterAreaCell.h */ = {isa = PBXFileReference; fileEncoding = 4; lastKnownFileType = sourcecode.c.h; path = CreateWaiterAreaCell.h; sourceTree = "<group>"; };
		FCA3386F1D8F903A00ED8BFA /* CreateWaiterAreaCell.m */ = {isa = PBXFileReference; fileEncoding = 4; lastKnownFileType = sourcecode.c.objc; path = CreateWaiterAreaCell.m; sourceTree = "<group>"; };
		FCA338711D8FC7B500ED8BFA /* WaiterDetailFirstController.h */ = {isa = PBXFileReference; fileEncoding = 4; lastKnownFileType = sourcecode.c.h; path = WaiterDetailFirstController.h; sourceTree = "<group>"; };
		FCA338721D8FC7B500ED8BFA /* WaiterDetailFirstController.m */ = {isa = PBXFileReference; fileEncoding = 4; lastKnownFileType = sourcecode.c.objc; path = WaiterDetailFirstController.m; sourceTree = "<group>"; };
		FCA338741D8FC7C800ED8BFA /* WaiterDetailLastController.h */ = {isa = PBXFileReference; fileEncoding = 4; lastKnownFileType = sourcecode.c.h; path = WaiterDetailLastController.h; sourceTree = "<group>"; };
		FCA338751D8FC7C800ED8BFA /* WaiterDetailLastController.m */ = {isa = PBXFileReference; fileEncoding = 4; lastKnownFileType = sourcecode.c.objc; path = WaiterDetailLastController.m; sourceTree = "<group>"; };
		FCA338771D8FD73200ED8BFA /* WaiterWorkNoteController.h */ = {isa = PBXFileReference; fileEncoding = 4; lastKnownFileType = sourcecode.c.h; path = WaiterWorkNoteController.h; sourceTree = "<group>"; };
		FCA338781D8FD73200ED8BFA /* WaiterWorkNoteController.m */ = {isa = PBXFileReference; fileEncoding = 4; lastKnownFileType = sourcecode.c.objc; path = WaiterWorkNoteController.m; sourceTree = "<group>"; };
		FCA338831D8FEB4C00ED8BFA /* DateChooseController.h */ = {isa = PBXFileReference; fileEncoding = 4; lastKnownFileType = sourcecode.c.h; path = DateChooseController.h; sourceTree = "<group>"; };
		FCA338841D8FEB4C00ED8BFA /* DateChooseController.m */ = {isa = PBXFileReference; fileEncoding = 4; lastKnownFileType = sourcecode.c.objc; path = DateChooseController.m; sourceTree = "<group>"; };
		FCA6F6151D94C5520052F212 /* AssignOrderController.h */ = {isa = PBXFileReference; fileEncoding = 4; lastKnownFileType = sourcecode.c.h; path = AssignOrderController.h; sourceTree = "<group>"; };
		FCA6F6161D94C5520052F212 /* AssignOrderController.m */ = {isa = PBXFileReference; fileEncoding = 4; lastKnownFileType = sourcecode.c.objc; path = AssignOrderController.m; sourceTree = "<group>"; };
		FCA6F6181D94D0FF0052F212 /* TaskCompleteController.h */ = {isa = PBXFileReference; fileEncoding = 4; lastKnownFileType = sourcecode.c.h; path = TaskCompleteController.h; sourceTree = "<group>"; };
		FCA6F6191D94D0FF0052F212 /* TaskCompleteController.m */ = {isa = PBXFileReference; fileEncoding = 4; lastKnownFileType = sourcecode.c.objc; path = TaskCompleteController.m; sourceTree = "<group>"; };
		FCA6F61B1D94D10C0052F212 /* TaskCancelController.h */ = {isa = PBXFileReference; fileEncoding = 4; lastKnownFileType = sourcecode.c.h; path = TaskCancelController.h; sourceTree = "<group>"; };
		FCA6F61C1D94D10C0052F212 /* TaskCancelController.m */ = {isa = PBXFileReference; fileEncoding = 4; lastKnownFileType = sourcecode.c.objc; path = TaskCancelController.m; sourceTree = "<group>"; };
		FCB578FC1D990CBF00B3CA47 /* StatisticsController.h */ = {isa = PBXFileReference; fileEncoding = 4; lastKnownFileType = sourcecode.c.h; path = StatisticsController.h; sourceTree = "<group>"; };
		FCB578FD1D990CBF00B3CA47 /* StatisticsController.m */ = {isa = PBXFileReference; fileEncoding = 4; lastKnownFileType = sourcecode.c.objc; path = StatisticsController.m; sourceTree = "<group>"; };
		FCB578FF1D99158600B3CA47 /* StatisticsDetailController.h */ = {isa = PBXFileReference; fileEncoding = 4; lastKnownFileType = sourcecode.c.h; path = StatisticsDetailController.h; sourceTree = "<group>"; };
		FCB579001D99158600B3CA47 /* StatisticsDetailController.m */ = {isa = PBXFileReference; fileEncoding = 4; lastKnownFileType = sourcecode.c.objc; path = StatisticsDetailController.m; sourceTree = "<group>"; };
		FCB579021D99213F00B3CA47 /* AllTaskNumberCell.h */ = {isa = PBXFileReference; fileEncoding = 4; lastKnownFileType = sourcecode.c.h; path = AllTaskNumberCell.h; sourceTree = "<group>"; };
		FCB579031D99213F00B3CA47 /* AllTaskNumberCell.m */ = {isa = PBXFileReference; fileEncoding = 4; lastKnownFileType = sourcecode.c.objc; path = AllTaskNumberCell.m; sourceTree = "<group>"; };
		FCB579081D99217600B3CA47 /* TaskAreaChooseCell.h */ = {isa = PBXFileReference; fileEncoding = 4; lastKnownFileType = sourcecode.c.h; path = TaskAreaChooseCell.h; sourceTree = "<group>"; };
		FCB579091D99217600B3CA47 /* TaskAreaChooseCell.m */ = {isa = PBXFileReference; fileEncoding = 4; lastKnownFileType = sourcecode.c.objc; path = TaskAreaChooseCell.m; sourceTree = "<group>"; };
		FCB5790B1D99219000B3CA47 /* StatisticsDetailCell.h */ = {isa = PBXFileReference; fileEncoding = 4; lastKnownFileType = sourcecode.c.h; path = StatisticsDetailCell.h; sourceTree = "<group>"; };
		FCB5790C1D99219000B3CA47 /* StatisticsDetailCell.m */ = {isa = PBXFileReference; fileEncoding = 4; lastKnownFileType = sourcecode.c.objc; path = StatisticsDetailCell.m; sourceTree = "<group>"; };
		FCB78BAF1D9A092900B59501 /* DateChooseBaseController.h */ = {isa = PBXFileReference; fileEncoding = 4; lastKnownFileType = sourcecode.c.h; path = DateChooseBaseController.h; sourceTree = "<group>"; };
		FCB78BB01D9A092900B59501 /* DateChooseBaseController.m */ = {isa = PBXFileReference; fileEncoding = 4; lastKnownFileType = sourcecode.c.objc; path = DateChooseBaseController.m; sourceTree = "<group>"; };
		FCC7BCBF1D93B3CC00F0B900 /* TaskBaseController.h */ = {isa = PBXFileReference; fileEncoding = 4; lastKnownFileType = sourcecode.c.h; path = TaskBaseController.h; sourceTree = "<group>"; };
		FCC7BCC01D93B3CC00F0B900 /* TaskBaseController.m */ = {isa = PBXFileReference; fileEncoding = 4; lastKnownFileType = sourcecode.c.objc; path = TaskBaseController.m; sourceTree = "<group>"; };
		FCC7BCC21D93C13800F0B900 /* TaskNoCompleteController.h */ = {isa = PBXFileReference; fileEncoding = 4; lastKnownFileType = sourcecode.c.h; path = TaskNoCompleteController.h; sourceTree = "<group>"; };
		FCC7BCC31D93C13800F0B900 /* TaskNoCompleteController.m */ = {isa = PBXFileReference; fileEncoding = 4; lastKnownFileType = sourcecode.c.objc; path = TaskNoCompleteController.m; sourceTree = "<group>"; };
		FCC7BCC51D93CE1700F0B900 /* TaskCodeCell.h */ = {isa = PBXFileReference; fileEncoding = 4; lastKnownFileType = sourcecode.c.h; path = TaskCodeCell.h; sourceTree = "<group>"; };
		FCC7BCC61D93CE1700F0B900 /* TaskCodeCell.m */ = {isa = PBXFileReference; fileEncoding = 4; lastKnownFileType = sourcecode.c.objc; path = TaskCodeCell.m; sourceTree = "<group>"; };
		FCC7BCC81D93CF7A00F0B900 /* TaskNoAcceptCallCell.h */ = {isa = PBXFileReference; fileEncoding = 4; lastKnownFileType = sourcecode.c.h; path = TaskNoAcceptCallCell.h; sourceTree = "<group>"; };
		FCC7BCC91D93CF7A00F0B900 /* TaskNoAcceptCallCell.m */ = {isa = PBXFileReference; fileEncoding = 4; lastKnownFileType = sourcecode.c.objc; path = TaskNoAcceptCallCell.m; sourceTree = "<group>"; };
		FCC7BCCB1D93CF9200F0B900 /* TaskNoAcceptMenuCell.h */ = {isa = PBXFileReference; fileEncoding = 4; lastKnownFileType = sourcecode.c.h; path = TaskNoAcceptMenuCell.h; sourceTree = "<group>"; };
		FCC7BCCC1D93CF9200F0B900 /* TaskNoAcceptMenuCell.m */ = {isa = PBXFileReference; fileEncoding = 4; lastKnownFileType = sourcecode.c.objc; path = TaskNoAcceptMenuCell.m; sourceTree = "<group>"; };
		FCC7BCCE1D93CFA700F0B900 /* TaskNoCompleteCallCell.h */ = {isa = PBXFileReference; fileEncoding = 4; lastKnownFileType = sourcecode.c.h; path = TaskNoCompleteCallCell.h; sourceTree = "<group>"; };
		FCC7BCCF1D93CFA700F0B900 /* TaskNoCompleteCallCell.m */ = {isa = PBXFileReference; fileEncoding = 4; lastKnownFileType = sourcecode.c.objc; path = TaskNoCompleteCallCell.m; sourceTree = "<group>"; };
		FCC7BCD11D93CFBD00F0B900 /* TaskNoCompleteMenuCell.h */ = {isa = PBXFileReference; fileEncoding = 4; lastKnownFileType = sourcecode.c.h; path = TaskNoCompleteMenuCell.h; sourceTree = "<group>"; };
		FCC7BCD21D93CFBD00F0B900 /* TaskNoCompleteMenuCell.m */ = {isa = PBXFileReference; fileEncoding = 4; lastKnownFileType = sourcecode.c.objc; path = TaskNoCompleteMenuCell.m; sourceTree = "<group>"; };
		FCC7BCD41D93CFD600F0B900 /* TaskCompleteCallCell.h */ = {isa = PBXFileReference; fileEncoding = 4; lastKnownFileType = sourcecode.c.h; path = TaskCompleteCallCell.h; sourceTree = "<group>"; };
		FCC7BCD51D93CFD600F0B900 /* TaskCompleteCallCell.m */ = {isa = PBXFileReference; fileEncoding = 4; lastKnownFileType = sourcecode.c.objc; path = TaskCompleteCallCell.m; sourceTree = "<group>"; };
		FCC7BCD71D93CFEA00F0B900 /* TaskCompleteMenuCell.h */ = {isa = PBXFileReference; fileEncoding = 4; lastKnownFileType = sourcecode.c.h; path = TaskCompleteMenuCell.h; sourceTree = "<group>"; };
		FCC7BCD81D93CFEA00F0B900 /* TaskCompleteMenuCell.m */ = {isa = PBXFileReference; fileEncoding = 4; lastKnownFileType = sourcecode.c.objc; path = TaskCompleteMenuCell.m; sourceTree = "<group>"; };
		FCC7BCDA1D93CFFC00F0B900 /* TaskCancelCallCell.h */ = {isa = PBXFileReference; fileEncoding = 4; lastKnownFileType = sourcecode.c.h; path = TaskCancelCallCell.h; sourceTree = "<group>"; };
		FCC7BCDB1D93CFFC00F0B900 /* TaskCancelCallCell.m */ = {isa = PBXFileReference; fileEncoding = 4; lastKnownFileType = sourcecode.c.objc; path = TaskCancelCallCell.m; sourceTree = "<group>"; };
		FCC7BCDD1D93D01000F0B900 /* TaskCancelMenuCell.h */ = {isa = PBXFileReference; fileEncoding = 4; lastKnownFileType = sourcecode.c.h; path = TaskCancelMenuCell.h; sourceTree = "<group>"; };
		FCC7BCDE1D93D01000F0B900 /* TaskCancelMenuCell.m */ = {isa = PBXFileReference; fileEncoding = 4; lastKnownFileType = sourcecode.c.objc; path = TaskCancelMenuCell.m; sourceTree = "<group>"; };
		FCDE87A41D8E62C8003ECBDB /* WaiterChooseController.h */ = {isa = PBXFileReference; fileEncoding = 4; lastKnownFileType = sourcecode.c.h; path = WaiterChooseController.h; sourceTree = "<group>"; };
		FCDE87A51D8E62C8003ECBDB /* WaiterChooseController.m */ = {isa = PBXFileReference; fileEncoding = 4; lastKnownFileType = sourcecode.c.objc; path = WaiterChooseController.m; sourceTree = "<group>"; };
		FCDE87A71D8E70E1003ECBDB /* CreateWaiterController.h */ = {isa = PBXFileReference; fileEncoding = 4; lastKnownFileType = sourcecode.c.h; path = CreateWaiterController.h; sourceTree = "<group>"; };
		FCDE87A81D8E70E1003ECBDB /* CreateWaiterController.m */ = {isa = PBXFileReference; fileEncoding = 4; lastKnownFileType = sourcecode.c.objc; path = CreateWaiterController.m; sourceTree = "<group>"; };
		FCDE87AA1D8E77CA003ECBDB /* CreateWaiterNextController.h */ = {isa = PBXFileReference; fileEncoding = 4; lastKnownFileType = sourcecode.c.h; path = CreateWaiterNextController.h; sourceTree = "<group>"; };
		FCDE87AB1D8E77CA003ECBDB /* CreateWaiterNextController.m */ = {isa = PBXFileReference; fileEncoding = 4; lastKnownFileType = sourcecode.c.objc; path = CreateWaiterNextController.m; sourceTree = "<group>"; };
/* End PBXFileReference section */

/* Begin PBXFrameworksBuildPhase section */
		FC1C62791D124B9000BB8445 /* Frameworks */ = {
			isa = PBXFrameworksBuildPhase;
			buildActionMask = 2147483647;
			files = (
			);
			runOnlyForDeploymentPostprocessing = 0;
		};
/* End PBXFrameworksBuildPhase section */

/* Begin PBXGroup section */
		FC1C62731D124B9000BB8445 = {
			isa = PBXGroup;
			children = (
				FC1C627E1D124B9000BB8445 /* mggroup */,
				FC1C627D1D124B9000BB8445 /* Products */,
			);
			sourceTree = "<group>";
		};
		FC1C627D1D124B9000BB8445 /* Products */ = {
			isa = PBXGroup;
			children = (
				FC1C627C1D124B9000BB8445 /* mggroup.app */,
			);
			name = Products;
			sourceTree = "<group>";
		};
		FC1C627E1D124B9000BB8445 /* mggroup */ = {
			isa = PBXGroup;
			children = (
				FC1C62821D124B9000BB8445 /* AppDelegate.h */,
				FC1C62831D124B9000BB8445 /* AppDelegate.m */,
				FC1C62851D124B9000BB8445 /* ViewController.h */,
				FC1C62861D124B9000BB8445 /* ViewController.m */,
				FCC1675D1D1B6D6C004DFBC4 /* Statistics */,
				FC1C62A61D12851400BB8445 /* Waiter */,
				FC1C62A21D12717000BB8445 /* Task */,
				FC1C62881D124B9000BB8445 /* Main.storyboard */,
				FC1C628E1D124B9000BB8445 /* Assets.xcassets */,
				FC1C62901D124B9000BB8445 /* LaunchScreen.storyboard */,
				FC1C62931D124B9000BB8445 /* Info.plist */,
				FC1C628B1D124B9000BB8445 /* mggroup.xcdatamodeld */,
				FC1C627F1D124B9000BB8445 /* Supporting Files */,
			);
			path = mggroup;
			sourceTree = "<group>";
		};
		FC1C627F1D124B9000BB8445 /* Supporting Files */ = {
			isa = PBXGroup;
			children = (
				FC1C62801D124B9000BB8445 /* main.m */,
			);
			name = "Supporting Files";
			sourceTree = "<group>";
		};
		FC1C62A21D12717000BB8445 /* Task */ = {
			isa = PBXGroup;
			children = (
				FCC7BCBF1D93B3CC00F0B900 /* TaskBaseController.h */,
				FCC7BCC01D93B3CC00F0B900 /* TaskBaseController.m */,
				FC1C62991D12709D00BB8445 /* TaskController.h */,
				FC1C629A1D12709D00BB8445 /* TaskController.m */,
				FC1C629C1D12715800BB8445 /* StartTaskCell.h */,
				FC1C629D1D12715800BB8445 /* StartTaskCell.m */,
				FC1C629F1D12716200BB8445 /* EndTaskCell.h */,
				FC1C62A01D12716200BB8445 /* EndTaskCell.m */,
				FCC7BCC21D93C13800F0B900 /* TaskNoCompleteController.h */,
				FCC7BCC31D93C13800F0B900 /* TaskNoCompleteController.m */,
				FCC7BCC51D93CE1700F0B900 /* TaskCodeCell.h */,
				FCC7BCC61D93CE1700F0B900 /* TaskCodeCell.m */,
				FCC7BCC81D93CF7A00F0B900 /* TaskNoAcceptCallCell.h */,
				FCC7BCC91D93CF7A00F0B900 /* TaskNoAcceptCallCell.m */,
				FCC7BCCB1D93CF9200F0B900 /* TaskNoAcceptMenuCell.h */,
				FCC7BCCC1D93CF9200F0B900 /* TaskNoAcceptMenuCell.m */,
				FCC7BCCE1D93CFA700F0B900 /* TaskNoCompleteCallCell.h */,
				FCC7BCCF1D93CFA700F0B900 /* TaskNoCompleteCallCell.m */,
				FCC7BCD11D93CFBD00F0B900 /* TaskNoCompleteMenuCell.h */,
				FCC7BCD21D93CFBD00F0B900 /* TaskNoCompleteMenuCell.m */,
				FCC7BCD41D93CFD600F0B900 /* TaskCompleteCallCell.h */,
				FCC7BCD51D93CFD600F0B900 /* TaskCompleteCallCell.m */,
				FCC7BCD71D93CFEA00F0B900 /* TaskCompleteMenuCell.h */,
				FCC7BCD81D93CFEA00F0B900 /* TaskCompleteMenuCell.m */,
				FCC7BCDA1D93CFFC00F0B900 /* TaskCancelCallCell.h */,
				FCC7BCDB1D93CFFC00F0B900 /* TaskCancelCallCell.m */,
				FCC7BCDD1D93D01000F0B900 /* TaskCancelMenuCell.h */,
				FCC7BCDE1D93D01000F0B900 /* TaskCancelMenuCell.m */,
				FCA6F6151D94C5520052F212 /* AssignOrderController.h */,
				FCA6F6161D94C5520052F212 /* AssignOrderController.m */,
				FCA6F6181D94D0FF0052F212 /* TaskCompleteController.h */,
				FCA6F6191D94D0FF0052F212 /* TaskCompleteController.m */,
				FCA6F61B1D94D10C0052F212 /* TaskCancelController.h */,
				FCA6F61C1D94D10C0052F212 /* TaskCancelController.m */,
				FC8C4CB41D9505A5004C31F7 /* AssignTaskWaiterCell.h */,
				FC8C4CB51D9505A5004C31F7 /* AssignTaskWaiterCell.m */,
			);
			name = Task;
			sourceTree = "<group>";
		};
		FC1C62A61D12851400BB8445 /* Waiter */ = {
			isa = PBXGroup;
			children = (
				FC1C62A31D12850900BB8445 /* WaiterController.h */,
				FC1C62A41D12850900BB8445 /* WaiterController.m */,
				FCDE87A41D8E62C8003ECBDB /* WaiterChooseController.h */,
				FCDE87A51D8E62C8003ECBDB /* WaiterChooseController.m */,
				FC1C62A71D12859900BB8445 /* WaiterDetailCell.h */,
				FC1C62A81D12859900BB8445 /* WaiterDetailCell.m */,
				FC1C62AA1D1286D400BB8445 /* WaiterDetailController.h */,
				FC1C62AB1D1286D400BB8445 /* WaiterDetailController.m */,
				FC1C62AD1D1286E800BB8445 /* CalendarController.h */,
				FC1C62AE1D1286E800BB8445 /* CalendarController.m */,
				FC1C62BE1D12A48A00BB8445 /* DateCell.h */,
				FC1C62BF1D12A48A00BB8445 /* DateCell.m */,
				FC1C62B01D12870D00BB8445 /* DetailViewController.h */,
				FC1C62B11D12870D00BB8445 /* DetailViewController.m */,
				FCDE87A71D8E70E1003ECBDB /* CreateWaiterController.h */,
				FCDE87A81D8E70E1003ECBDB /* CreateWaiterController.m */,
				FCDE87AA1D8E77CA003ECBDB /* CreateWaiterNextController.h */,
				FCDE87AB1D8E77CA003ECBDB /* CreateWaiterNextController.m */,
				FCA3386E1D8F903A00ED8BFA /* CreateWaiterAreaCell.h */,
				FCA3386F1D8F903A00ED8BFA /* CreateWaiterAreaCell.m */,
				FCA3386B1D8F799200ED8BFA /* DropDownView.h */,
				FCA3386C1D8F799200ED8BFA /* DropDownView.m */,
				FCA338711D8FC7B500ED8BFA /* WaiterDetailFirstController.h */,
				FCA338721D8FC7B500ED8BFA /* WaiterDetailFirstController.m */,
				FCA338741D8FC7C800ED8BFA /* WaiterDetailLastController.h */,
				FCA338751D8FC7C800ED8BFA /* WaiterDetailLastController.m */,
				FCA338771D8FD73200ED8BFA /* WaiterWorkNoteController.h */,
				FCA338781D8FD73200ED8BFA /* WaiterWorkNoteController.m */,
				FCA338831D8FEB4C00ED8BFA /* DateChooseController.h */,
				FCA338841D8FEB4C00ED8BFA /* DateChooseController.m */,
			);
			name = Waiter;
			sourceTree = "<group>";
		};
		FCC1675D1D1B6D6C004DFBC4 /* Statistics */ = {
			isa = PBXGroup;
			children = (
				FCB578FC1D990CBF00B3CA47 /* StatisticsController.h */,
				FCB578FD1D990CBF00B3CA47 /* StatisticsController.m */,
				FCB578FF1D99158600B3CA47 /* StatisticsDetailController.h */,
				FCB579001D99158600B3CA47 /* StatisticsDetailController.m */,
				FCB579021D99213F00B3CA47 /* AllTaskNumberCell.h */,
				FCB579031D99213F00B3CA47 /* AllTaskNumberCell.m */,
				FCB579081D99217600B3CA47 /* TaskAreaChooseCell.h */,
				FCB579091D99217600B3CA47 /* TaskAreaChooseCell.m */,
				FCB5790B1D99219000B3CA47 /* StatisticsDetailCell.h */,
				FCB5790C1D99219000B3CA47 /* StatisticsDetailCell.m */,
				FCB78BAF1D9A092900B59501 /* DateChooseBaseController.h */,
				FCB78BB01D9A092900B59501 /* DateChooseBaseController.m */,
			);
			name = Statistics;
			sourceTree = "<group>";
		};
/* End PBXGroup section */

/* Begin PBXNativeTarget section */
		FC1C627B1D124B9000BB8445 /* mggroup */ = {
			isa = PBXNativeTarget;
			buildConfigurationList = FC1C62961D124B9000BB8445 /* Build configuration list for PBXNativeTarget "mggroup" */;
			buildPhases = (
				FC1C62781D124B9000BB8445 /* Sources */,
				FC1C62791D124B9000BB8445 /* Frameworks */,
				FC1C627A1D124B9000BB8445 /* Resources */,
			);
			buildRules = (
			);
			dependencies = (
			);
			name = mggroup;
			productName = mggroup;
			productReference = FC1C627C1D124B9000BB8445 /* mggroup.app */;
			productType = "com.apple.product-type.application";
		};
/* End PBXNativeTarget section */

/* Begin PBXProject section */
		FC1C62741D124B9000BB8445 /* Project object */ = {
			isa = PBXProject;
			attributes = {
				LastUpgradeCheck = 0730;
				ORGANIZATIONNAME = luoyu;
				TargetAttributes = {
					FC1C627B1D124B9000BB8445 = {
						CreatedOnToolsVersion = 7.3;
						DevelopmentTeam = 29HSV437NA;
					};
				};
			};
			buildConfigurationList = FC1C62771D124B9000BB8445 /* Build configuration list for PBXProject "mggroup" */;
			compatibilityVersion = "Xcode 3.2";
			developmentRegion = English;
			hasScannedForEncodings = 0;
			knownRegions = (
				en,
				Base,
			);
			mainGroup = FC1C62731D124B9000BB8445;
			productRefGroup = FC1C627D1D124B9000BB8445 /* Products */;
			projectDirPath = "";
			projectRoot = "";
			targets = (
				FC1C627B1D124B9000BB8445 /* mggroup */,
			);
		};
/* End PBXProject section */

/* Begin PBXResourcesBuildPhase section */
		FC1C627A1D124B9000BB8445 /* Resources */ = {
			isa = PBXResourcesBuildPhase;
			buildActionMask = 2147483647;
			files = (
				FC1C62921D124B9000BB8445 /* LaunchScreen.storyboard in Resources */,
				FC1C628F1D124B9000BB8445 /* Assets.xcassets in Resources */,
				FC1C628A1D124B9000BB8445 /* Main.storyboard in Resources */,
			);
			runOnlyForDeploymentPostprocessing = 0;
		};
/* End PBXResourcesBuildPhase section */

/* Begin PBXSourcesBuildPhase section */
		FC1C62781D124B9000BB8445 /* Sources */ = {
			isa = PBXSourcesBuildPhase;
			buildActionMask = 2147483647;
			files = (
				FCC7BCC41D93C13800F0B900 /* TaskNoCompleteController.m in Sources */,
				FC1C62AC1D1286D400BB8445 /* WaiterDetailController.m in Sources */,
				FC1C62AF1D1286E800BB8445 /* CalendarController.m in Sources */,
				FCA6F6171D94C5520052F212 /* AssignOrderController.m in Sources */,
				FCC7BCDC1D93CFFC00F0B900 /* TaskCancelCallCell.m in Sources */,
				FCC7BCD31D93CFBD00F0B900 /* TaskNoCompleteMenuCell.m in Sources */,
				FC1C629B1D12709D00BB8445 /* TaskController.m in Sources */,
				FCC7BCD61D93CFD600F0B900 /* TaskCompleteCallCell.m in Sources */,
				FCC7BCCD1D93CF9200F0B900 /* TaskNoAcceptMenuCell.m in Sources */,
				FC1C62871D124B9000BB8445 /* ViewController.m in Sources */,
				FC1C62A11D12716200BB8445 /* EndTaskCell.m in Sources */,
				FCA338701D8F903A00ED8BFA /* CreateWaiterAreaCell.m in Sources */,
				FC1C628D1D124B9000BB8445 /* mggroup.xcdatamodeld in Sources */,
				FCA338791D8FD73200ED8BFA /* WaiterWorkNoteController.m in Sources */,
				FCC7BCD01D93CFA700F0B900 /* TaskNoCompleteCallCell.m in Sources */,
				FCB78BB11D9A092900B59501 /* DateChooseBaseController.m in Sources */,
				FCC7BCC71D93CE1700F0B900 /* TaskCodeCell.m in Sources */,
				FCC7BCDF1D93D01000F0B900 /* TaskCancelMenuCell.m in Sources */,
				FC8C4CB61D9505A5004C31F7 /* AssignTaskWaiterCell.m in Sources */,
				FCA6F61D1D94D10C0052F212 /* TaskCancelController.m in Sources */,
				FCA3386D1D8F799200ED8BFA /* DropDownView.m in Sources */,
				FC1C62A91D12859900BB8445 /* WaiterDetailCell.m in Sources */,
				FCC7BCD91D93CFEA00F0B900 /* TaskCompleteMenuCell.m in Sources */,
				FCDE87A91D8E70E1003ECBDB /* CreateWaiterController.m in Sources */,
				FC1C629E1D12715800BB8445 /* StartTaskCell.m in Sources */,
				FCDE87AC1D8E77CA003ECBDB /* CreateWaiterNextController.m in Sources */,
				FCB5790D1D99219000B3CA47 /* StatisticsDetailCell.m in Sources */,
				FC1C62A51D12850900BB8445 /* WaiterController.m in Sources */,
				FCB578FE1D990CBF00B3CA47 /* StatisticsController.m in Sources */,
				FCB579041D99213F00B3CA47 /* AllTaskNumberCell.m in Sources */,
				FCB579011D99158600B3CA47 /* StatisticsDetailController.m in Sources */,
				FCDE87A61D8E62C8003ECBDB /* WaiterChooseController.m in Sources */,
				FC1C62841D124B9000BB8445 /* AppDelegate.m in Sources */,
				FCB5790A1D99217600B3CA47 /* TaskAreaChooseCell.m in Sources */,
				FC1C62C01D12A48A00BB8445 /* DateCell.m in Sources */,
				FCC7BCC11D93B3CC00F0B900 /* TaskBaseController.m in Sources */,
				FCC7BCCA1D93CF7A00F0B900 /* TaskNoAcceptCallCell.m in Sources */,
				FCA338851D8FEB4C00ED8BFA /* DateChooseController.m in Sources */,
				FCA338731D8FC7B500ED8BFA /* WaiterDetailFirstController.m in Sources */,
				FCA6F61A1D94D0FF0052F212 /* TaskCompleteController.m in Sources */,
				FC1C62811D124B9000BB8445 /* main.m in Sources */,
				FCA338761D8FC7C800ED8BFA /* WaiterDetailLastController.m in Sources */,
				FC1C62B21D12870D00BB8445 /* DetailViewController.m in Sources */,
			);
			runOnlyForDeploymentPostprocessing = 0;
		};
/* End PBXSourcesBuildPhase section */

/* Begin PBXVariantGroup section */
		FC1C62881D124B9000BB8445 /* Main.storyboard */ = {
			isa = PBXVariantGroup;
			children = (
				FC1C62891D124B9000BB8445 /* Base */,
			);
			name = Main.storyboard;
			sourceTree = "<group>";
		};
		FC1C62901D124B9000BB8445 /* LaunchScreen.storyboard */ = {
			isa = PBXVariantGroup;
			children = (
				FC1C62911D124B9000BB8445 /* Base */,
			);
			name = LaunchScreen.storyboard;
			sourceTree = "<group>";
		};
/* End PBXVariantGroup section */

/* Begin XCBuildConfiguration section */
		FC1C62941D124B9000BB8445 /* Debug */ = {
			isa = XCBuildConfiguration;
			buildSettings = {
				ALWAYS_SEARCH_USER_PATHS = NO;
				CLANG_ANALYZER_NONNULL = YES;
				CLANG_CXX_LANGUAGE_STANDARD = "gnu++0x";
				CLANG_CXX_LIBRARY = "libc++";
				CLANG_ENABLE_MODULES = YES;
				CLANG_ENABLE_OBJC_ARC = YES;
				CLANG_WARN_BOOL_CONVERSION = YES;
				CLANG_WARN_CONSTANT_CONVERSION = YES;
				CLANG_WARN_DIRECT_OBJC_ISA_USAGE = YES_ERROR;
				CLANG_WARN_EMPTY_BODY = YES;
				CLANG_WARN_ENUM_CONVERSION = YES;
				CLANG_WARN_INT_CONVERSION = YES;
				CLANG_WARN_OBJC_ROOT_CLASS = YES_ERROR;
				CLANG_WARN_UNREACHABLE_CODE = YES;
				CLANG_WARN__DUPLICATE_METHOD_MATCH = YES;
				"CODE_SIGN_IDENTITY[sdk=iphoneos*]" = "iPhone Developer";
				COPY_PHASE_STRIP = NO;
				DEBUG_INFORMATION_FORMAT = dwarf;
				ENABLE_STRICT_OBJC_MSGSEND = YES;
				ENABLE_TESTABILITY = YES;
				GCC_C_LANGUAGE_STANDARD = gnu99;
				GCC_DYNAMIC_NO_PIC = NO;
				GCC_NO_COMMON_BLOCKS = YES;
				GCC_OPTIMIZATION_LEVEL = 0;
				GCC_PREPROCESSOR_DEFINITIONS = (
					"DEBUG=1",
					"$(inherited)",
				);
				GCC_WARN_64_TO_32_BIT_CONVERSION = YES;
				GCC_WARN_ABOUT_RETURN_TYPE = YES_ERROR;
				GCC_WARN_UNDECLARED_SELECTOR = YES;
				GCC_WARN_UNINITIALIZED_AUTOS = YES_AGGRESSIVE;
				GCC_WARN_UNUSED_FUNCTION = YES;
				GCC_WARN_UNUSED_VARIABLE = YES;
				IPHONEOS_DEPLOYMENT_TARGET = 9.3;
				MTL_ENABLE_DEBUG_INFO = YES;
				ONLY_ACTIVE_ARCH = YES;
				SDKROOT = iphoneos;
			};
			name = Debug;
		};
		FC1C62951D124B9000BB8445 /* Release */ = {
			isa = XCBuildConfiguration;
			buildSettings = {
				ALWAYS_SEARCH_USER_PATHS = NO;
				CLANG_ANALYZER_NONNULL = YES;
				CLANG_CXX_LANGUAGE_STANDARD = "gnu++0x";
				CLANG_CXX_LIBRARY = "libc++";
				CLANG_ENABLE_MODULES = YES;
				CLANG_ENABLE_OBJC_ARC = YES;
				CLANG_WARN_BOOL_CONVERSION = YES;
				CLANG_WARN_CONSTANT_CONVERSION = YES;
				CLANG_WARN_DIRECT_OBJC_ISA_USAGE = YES_ERROR;
				CLANG_WARN_EMPTY_BODY = YES;
				CLANG_WARN_ENUM_CONVERSION = YES;
				CLANG_WARN_INT_CONVERSION = YES;
				CLANG_WARN_OBJC_ROOT_CLASS = YES_ERROR;
				CLANG_WARN_UNREACHABLE_CODE = YES;
				CLANG_WARN__DUPLICATE_METHOD_MATCH = YES;
				"CODE_SIGN_IDENTITY[sdk=iphoneos*]" = "iPhone Developer";
				COPY_PHASE_STRIP = NO;
				DEBUG_INFORMATION_FORMAT = "dwarf-with-dsym";
				ENABLE_NS_ASSERTIONS = NO;
				ENABLE_STRICT_OBJC_MSGSEND = YES;
				GCC_C_LANGUAGE_STANDARD = gnu99;
				GCC_NO_COMMON_BLOCKS = YES;
				GCC_WARN_64_TO_32_BIT_CONVERSION = YES;
				GCC_WARN_ABOUT_RETURN_TYPE = YES_ERROR;
				GCC_WARN_UNDECLARED_SELECTOR = YES;
				GCC_WARN_UNINITIALIZED_AUTOS = YES_AGGRESSIVE;
				GCC_WARN_UNUSED_FUNCTION = YES;
				GCC_WARN_UNUSED_VARIABLE = YES;
				IPHONEOS_DEPLOYMENT_TARGET = 9.3;
				MTL_ENABLE_DEBUG_INFO = NO;
				SDKROOT = iphoneos;
				VALIDATE_PRODUCT = YES;
			};
			name = Release;
		};
		FC1C62971D124B9000BB8445 /* Debug */ = {
			isa = XCBuildConfiguration;
			buildSettings = {
				ASSETCATALOG_COMPILER_APPICON_NAME = AppIcon;
				DEVELOPMENT_TEAM = 29HSV437NA;
				INFOPLIST_FILE = mggroup/Info.plist;
				IPHONEOS_DEPLOYMENT_TARGET = 8.0;
				LD_RUNPATH_SEARCH_PATHS = "$(inherited) @executable_path/Frameworks";
				PRODUCT_BUNDLE_IDENTIFIER = com.luoyu.mggroup;
				PRODUCT_NAME = "$(TARGET_NAME)";
				TARGETED_DEVICE_FAMILY = "1,2";
			};
			name = Debug;
		};
		FC1C62981D124B9000BB8445 /* Release */ = {
			isa = XCBuildConfiguration;
			buildSettings = {
				ASSETCATALOG_COMPILER_APPICON_NAME = AppIcon;
				DEVELOPMENT_TEAM = 29HSV437NA;
				INFOPLIST_FILE = mggroup/Info.plist;
				IPHONEOS_DEPLOYMENT_TARGET = 8.0;
				LD_RUNPATH_SEARCH_PATHS = "$(inherited) @executable_path/Frameworks";
				PRODUCT_BUNDLE_IDENTIFIER = com.luoyu.mggroup;
				PRODUCT_NAME = "$(TARGET_NAME)";
				TARGETED_DEVICE_FAMILY = "1,2";
			};
			name = Release;
		};
/* End XCBuildConfiguration section */

/* Begin XCConfigurationList section */
		FC1C62771D124B9000BB8445 /* Build configuration list for PBXProject "mggroup" */ = {
			isa = XCConfigurationList;
			buildConfigurations = (
				FC1C62941D124B9000BB8445 /* Debug */,
				FC1C62951D124B9000BB8445 /* Release */,
			);
			defaultConfigurationIsVisible = 0;
			defaultConfigurationName = Release;
		};
		FC1C62961D124B9000BB8445 /* Build configuration list for PBXNativeTarget "mggroup" */ = {
			isa = XCConfigurationList;
			buildConfigurations = (
				FC1C62971D124B9000BB8445 /* Debug */,
				FC1C62981D124B9000BB8445 /* Release */,
			);
			defaultConfigurationIsVisible = 0;
			defaultConfigurationName = Release;
		};
/* End XCConfigurationList section */

/* Begin XCVersionGroup section */
		FC1C628B1D124B9000BB8445 /* mggroup.xcdatamodeld */ = {
			isa = XCVersionGroup;
			children = (
				FC1C628C1D124B9000BB8445 /* mggroup.xcdatamodel */,
			);
			currentVersion = FC1C628C1D124B9000BB8445 /* mggroup.xcdatamodel */;
			path = mggroup.xcdatamodeld;
			sourceTree = "<group>";
			versionGroupType = wrapper.xcdatamodel;
		};
/* End XCVersionGroup section */
	};
	rootObject = FC1C62741D124B9000BB8445 /* Project object */;
}
