// !$*UTF8*$!
{
	archiveVersion = 1;
	classes = {
	};
	objectVersion = 46;
	objects = {

/* Begin PBXBuildFile section */
		FC1C62811D124B9000BB8445 /* main.m in Sources */ = {isa = PBXBuildFile; fileRef = FC1C62801D124B9000BB8445 /* main.m */; };
		FC1C62841D124B9000BB8445 /* AppDelegate.m in Sources */ = {isa = PBXBuildFile; fileRef = FC1C62831D124B9000BB8445 /* AppDelegate.m */; };
		FC1C62871D124B9000BB8445 /* ViewController.m in Sources */ = {isa = PBXBuildFile; fileRef = FC1C62861D124B9000BB8445 /* ViewController.m */; };
		FC1C628A1D124B9000BB8445 /* Main.storyboard in Resources */ = {isa = PBXBuildFile; fileRef = FC1C62881D124B9000BB8445 /* Main.storyboard */; };
		FC1C628D1D124B9000BB8445 /* mggroup.xcdatamodeld in Sources */ = {isa = PBXBuildFile; fileRef = FC1C628B1D124B9000BB8445 /* mggroup.xcdatamodeld */; };
		FC1C628F1D124B9000BB8445 /* Assets.xcassets in Resources */ = {isa = PBXBuildFile; fileRef = FC1C628E1D124B9000BB8445 /* Assets.xcassets */; };
		FC1C62921D124B9000BB8445 /* LaunchScreen.storyboard in Resources */ = {isa = PBXBuildFile; fileRef = FC1C62901D124B9000BB8445 /* LaunchScreen.storyboard */; };
		FC1C629B1D12709D00BB8445 /* TaskController.m in Sources */ = {isa = PBXBuildFile; fileRef = FC1C629A1D12709D00BB8445 /* TaskController.m */; };
		FC1C629E1D12715800BB8445 /* StartTaskCell.m in Sources */ = {isa = PBXBuildFile; fileRef = FC1C629D1D12715800BB8445 /* StartTaskCell.m */; };
		FC1C62A11D12716200BB8445 /* EndTaskCell.m in Sources */ = {isa = PBXBuildFile; fileRef = FC1C62A01D12716200BB8445 /* EndTaskCell.m */; };
		FC1C62A51D12850900BB8445 /* WaiterController.m in Sources */ = {isa = PBXBuildFile; fileRef = FC1C62A41D12850900BB8445 /* WaiterController.m */; };
		FC1C62A91D12859900BB8445 /* WaiterDetailCell.m in Sources */ = {isa = PBXBuildFile; fileRef = FC1C62A81D12859900BB8445 /* WaiterDetailCell.m */; };
		FC1C62AC1D1286D400BB8445 /* WaiterDetailController.m in Sources */ = {isa = PBXBuildFile; fileRef = FC1C62AB1D1286D400BB8445 /* WaiterDetailController.m */; };
		FC1C62AF1D1286E800BB8445 /* CalendarController.m in Sources */ = {isa = PBXBuildFile; fileRef = FC1C62AE1D1286E800BB8445 /* CalendarController.m */; };
		FC1C62B21D12870D00BB8445 /* DetailViewController.m in Sources */ = {isa = PBXBuildFile; fileRef = FC1C62B11D12870D00BB8445 /* DetailViewController.m */; };
		FC1C62C01D12A48A00BB8445 /* DateCell.m in Sources */ = {isa = PBXBuildFile; fileRef = FC1C62BF1D12A48A00BB8445 /* DateCell.m */; };
		FC73F3221DB74B7A005953B9 /* MTWaiter+CoreDataClass.m in Sources */ = {isa = PBXBuildFile; fileRef = FC73F31F1DB74B7A005953B9 /* MTWaiter+CoreDataClass.m */; };
		FC73F3231DB74B7A005953B9 /* MTWaiter+CoreDataProperties.m in Sources */ = {isa = PBXBuildFile; fileRef = FC73F3211DB74B7A005953B9 /* MTWaiter+CoreDataProperties.m */; };
		FC73F3291DB761E0005953B9 /* WaiterListCell.m in Sources */ = {isa = PBXBuildFile; fileRef = FC73F3281DB761E0005953B9 /* WaiterListCell.m */; };
		FC73F3431DB7651A005953B9 /* MJRefresh.bundle in Resources */ = {isa = PBXBuildFile; fileRef = FC73F32B1DB7651A005953B9 /* MJRefresh.bundle */; };
		FC73F3441DB7651A005953B9 /* MJRefreshComponent.m in Sources */ = {isa = PBXBuildFile; fileRef = FC73F32E1DB7651A005953B9 /* MJRefreshComponent.m */; };
		FC73F3451DB7651A005953B9 /* MJRefreshConst.m in Sources */ = {isa = PBXBuildFile; fileRef = FC73F3301DB7651A005953B9 /* MJRefreshConst.m */; };
		FC73F3461DB7651A005953B9 /* MJRefreshFooter.m in Sources */ = {isa = PBXBuildFile; fileRef = FC73F3321DB7651A005953B9 /* MJRefreshFooter.m */; };
		FC73F3471DB7651A005953B9 /* MJRefreshGifFooter.m in Sources */ = {isa = PBXBuildFile; fileRef = FC73F3341DB7651A005953B9 /* MJRefreshGifFooter.m */; };
		FC73F3481DB7651A005953B9 /* MJRefreshGifHeader.m in Sources */ = {isa = PBXBuildFile; fileRef = FC73F3361DB7651A005953B9 /* MJRefreshGifHeader.m */; };
		FC73F3491DB7651A005953B9 /* MJRefreshHeader.m in Sources */ = {isa = PBXBuildFile; fileRef = FC73F3381DB7651A005953B9 /* MJRefreshHeader.m */; };
		FC73F34A1DB7651A005953B9 /* MJRefreshLegendFooter.m in Sources */ = {isa = PBXBuildFile; fileRef = FC73F33A1DB7651A005953B9 /* MJRefreshLegendFooter.m */; };
		FC73F34B1DB7651A005953B9 /* MJRefreshLegendHeader.m in Sources */ = {isa = PBXBuildFile; fileRef = FC73F33C1DB7651A005953B9 /* MJRefreshLegendHeader.m */; };
		FC73F34C1DB7651A005953B9 /* UIScrollView+MJExtension.m in Sources */ = {isa = PBXBuildFile; fileRef = FC73F33E1DB7651A005953B9 /* UIScrollView+MJExtension.m */; };
		FC73F34D1DB7651A005953B9 /* UIScrollView+MJRefresh.m in Sources */ = {isa = PBXBuildFile; fileRef = FC73F3401DB7651A005953B9 /* UIScrollView+MJRefresh.m */; };
		FC73F34E1DB7651A005953B9 /* UIView+MJExtension.m in Sources */ = {isa = PBXBuildFile; fileRef = FC73F3421DB7651A005953B9 /* UIView+MJExtension.m */; };
		FC8C4CB61D9505A5004C31F7 /* AssignTaskWaiterCell.m in Sources */ = {isa = PBXBuildFile; fileRef = FC8C4CB51D9505A5004C31F7 /* AssignTaskWaiterCell.m */; };
		FCA3386D1D8F799200ED8BFA /* DropDownView.m in Sources */ = {isa = PBXBuildFile; fileRef = FCA3386C1D8F799200ED8BFA /* DropDownView.m */; };
		FCA338701D8F903A00ED8BFA /* CreateWaiterAreaCell.m in Sources */ = {isa = PBXBuildFile; fileRef = FCA3386F1D8F903A00ED8BFA /* CreateWaiterAreaCell.m */; };
		FCA338731D8FC7B500ED8BFA /* WaiterDetailFirstController.m in Sources */ = {isa = PBXBuildFile; fileRef = FCA338721D8FC7B500ED8BFA /* WaiterDetailFirstController.m */; };
		FCA338761D8FC7C800ED8BFA /* WaiterDetailLastController.m in Sources */ = {isa = PBXBuildFile; fileRef = FCA338751D8FC7C800ED8BFA /* WaiterDetailLastController.m */; };
		FCA338791D8FD73200ED8BFA /* WaiterWorkNoteController.m in Sources */ = {isa = PBXBuildFile; fileRef = FCA338781D8FD73200ED8BFA /* WaiterWorkNoteController.m */; };
		FCA338851D8FEB4C00ED8BFA /* DateChooseController.m in Sources */ = {isa = PBXBuildFile; fileRef = FCA338841D8FEB4C00ED8BFA /* DateChooseController.m */; };
		FCA6F6171D94C5520052F212 /* AssignOrderController.m in Sources */ = {isa = PBXBuildFile; fileRef = FCA6F6161D94C5520052F212 /* AssignOrderController.m */; };
		FCA6F61A1D94D0FF0052F212 /* TaskCompleteController.m in Sources */ = {isa = PBXBuildFile; fileRef = FCA6F6191D94D0FF0052F212 /* TaskCompleteController.m */; };
		FCA6F61D1D94D10C0052F212 /* TaskCancelController.m in Sources */ = {isa = PBXBuildFile; fileRef = FCA6F61C1D94D10C0052F212 /* TaskCancelController.m */; };
		FCB578FE1D990CBF00B3CA47 /* StatisticsController.m in Sources */ = {isa = PBXBuildFile; fileRef = FCB578FD1D990CBF00B3CA47 /* StatisticsController.m */; };
		FCB579011D99158600B3CA47 /* StatisticsDetailController.m in Sources */ = {isa = PBXBuildFile; fileRef = FCB579001D99158600B3CA47 /* StatisticsDetailController.m */; };
		FCB579041D99213F00B3CA47 /* AllTaskNumberCell.m in Sources */ = {isa = PBXBuildFile; fileRef = FCB579031D99213F00B3CA47 /* AllTaskNumberCell.m */; };
		FCB5790A1D99217600B3CA47 /* TaskAreaChooseCell.m in Sources */ = {isa = PBXBuildFile; fileRef = FCB579091D99217600B3CA47 /* TaskAreaChooseCell.m */; };
		FCB5790D1D99219000B3CA47 /* StatisticsDetailCell.m in Sources */ = {isa = PBXBuildFile; fileRef = FCB5790C1D99219000B3CA47 /* StatisticsDetailCell.m */; };
		FCB78BB11D9A092900B59501 /* DateChooseBaseController.m in Sources */ = {isa = PBXBuildFile; fileRef = FCB78BB01D9A092900B59501 /* DateChooseBaseController.m */; };
		FCC7BCC11D93B3CC00F0B900 /* TaskBaseController.m in Sources */ = {isa = PBXBuildFile; fileRef = FCC7BCC01D93B3CC00F0B900 /* TaskBaseController.m */; };
		FCC7BCC41D93C13800F0B900 /* TaskNoCompleteController.m in Sources */ = {isa = PBXBuildFile; fileRef = FCC7BCC31D93C13800F0B900 /* TaskNoCompleteController.m */; };
		FCC7BCC71D93CE1700F0B900 /* TaskCodeCell.m in Sources */ = {isa = PBXBuildFile; fileRef = FCC7BCC61D93CE1700F0B900 /* TaskCodeCell.m */; };
		FCC7BCCA1D93CF7A00F0B900 /* TaskNoAcceptCallCell.m in Sources */ = {isa = PBXBuildFile; fileRef = FCC7BCC91D93CF7A00F0B900 /* TaskNoAcceptCallCell.m */; };
		FCC7BCCD1D93CF9200F0B900 /* TaskNoAcceptMenuCell.m in Sources */ = {isa = PBXBuildFile; fileRef = FCC7BCCC1D93CF9200F0B900 /* TaskNoAcceptMenuCell.m */; };
		FCC7BCD01D93CFA700F0B900 /* TaskNoCompleteCallCell.m in Sources */ = {isa = PBXBuildFile; fileRef = FCC7BCCF1D93CFA700F0B900 /* TaskNoCompleteCallCell.m */; };
		FCC7BCD31D93CFBD00F0B900 /* TaskNoCompleteMenuCell.m in Sources */ = {isa = PBXBuildFile; fileRef = FCC7BCD21D93CFBD00F0B900 /* TaskNoCompleteMenuCell.m */; };
		FCC7BCD61D93CFD600F0B900 /* TaskCompleteCallCell.m in Sources */ = {isa = PBXBuildFile; fileRef = FCC7BCD51D93CFD600F0B900 /* TaskCompleteCallCell.m */; };
		FCC7BCD91D93CFEA00F0B900 /* TaskCompleteMenuCell.m in Sources */ = {isa = PBXBuildFile; fileRef = FCC7BCD81D93CFEA00F0B900 /* TaskCompleteMenuCell.m */; };
		FCC7BCDC1D93CFFC00F0B900 /* TaskCancelCallCell.m in Sources */ = {isa = PBXBuildFile; fileRef = FCC7BCDB1D93CFFC00F0B900 /* TaskCancelCallCell.m */; };
		FCC7BCDF1D93D01000F0B900 /* TaskCancelMenuCell.m in Sources */ = {isa = PBXBuildFile; fileRef = FCC7BCDE1D93D01000F0B900 /* TaskCancelMenuCell.m */; };
		FCCECD131DADDC8B009C7DEE /* MTNetwork.m in Sources */ = {isa = PBXBuildFile; fileRef = FCCECD0A1DADDC8B009C7DEE /* MTNetwork.m */; };
		FCCECD141DADDC8B009C7DEE /* MTRequestNetwork.m in Sources */ = {isa = PBXBuildFile; fileRef = FCCECD0C1DADDC8B009C7DEE /* MTRequestNetwork.m */; };
		FCCECD151DADDC8B009C7DEE /* MTBaseNetworkController.m in Sources */ = {isa = PBXBuildFile; fileRef = FCCECD0E1DADDC8B009C7DEE /* MTBaseNetworkController.m */; };
		FCCECD161DADDC8B009C7DEE /* MTPagerUnit.m in Sources */ = {isa = PBXBuildFile; fileRef = FCCECD101DADDC8B009C7DEE /* MTPagerUnit.m */; };
		FCCECD171DADDC8B009C7DEE /* Parser.m in Sources */ = {isa = PBXBuildFile; fileRef = FCCECD121DADDC8B009C7DEE /* Parser.m */; };
		FCCECD271DADDCED009C7DEE /* AFHTTPSessionManager.m in Sources */ = {isa = PBXBuildFile; fileRef = FCCECD1A1DADDCED009C7DEE /* AFHTTPSessionManager.m */; };
		FCCECD281DADDCED009C7DEE /* AFNetworkReachabilityManager.m in Sources */ = {isa = PBXBuildFile; fileRef = FCCECD1D1DADDCED009C7DEE /* AFNetworkReachabilityManager.m */; };
		FCCECD291DADDCED009C7DEE /* AFSecurityPolicy.m in Sources */ = {isa = PBXBuildFile; fileRef = FCCECD1F1DADDCED009C7DEE /* AFSecurityPolicy.m */; };
		FCCECD2A1DADDCED009C7DEE /* AFURLRequestSerialization.m in Sources */ = {isa = PBXBuildFile; fileRef = FCCECD211DADDCED009C7DEE /* AFURLRequestSerialization.m */; };
		FCCECD2B1DADDCED009C7DEE /* AFURLResponseSerialization.m in Sources */ = {isa = PBXBuildFile; fileRef = FCCECD231DADDCED009C7DEE /* AFURLResponseSerialization.m */; };
		FCCECD2C1DADDCED009C7DEE /* AFURLSessionManager.m in Sources */ = {isa = PBXBuildFile; fileRef = FCCECD251DADDCED009C7DEE /* AFURLSessionManager.m */; };
		FCCECD2F1DADDD83009C7DEE /* MBProgressHUD.m in Sources */ = {isa = PBXBuildFile; fileRef = FCCECD2E1DADDD83009C7DEE /* MBProgressHUD.m */; };
		FCCECD331DADE22D009C7DEE /* Util.m in Sources */ = {isa = PBXBuildFile; fileRef = FCCECD321DADE22D009C7DEE /* Util.m */; };
		FCDE87A61D8E62C8003ECBDB /* WaiterChooseController.m in Sources */ = {isa = PBXBuildFile; fileRef = FCDE87A51D8E62C8003ECBDB /* WaiterChooseController.m */; };
		FCDE87A91D8E70E1003ECBDB /* CreateWaiterController.m in Sources */ = {isa = PBXBuildFile; fileRef = FCDE87A81D8E70E1003ECBDB /* CreateWaiterController.m */; };
		FCDE87AC1D8E77CA003ECBDB /* CreateWaiterNextController.m in Sources */ = {isa = PBXBuildFile; fileRef = FCDE87AB1D8E77CA003ECBDB /* CreateWaiterNextController.m */; };
/* End PBXBuildFile section */

/* Begin PBXFileReference section */
		FC1C627C1D124B9000BB8445 /* mggroup.app */ = {isa = PBXFileReference; explicitFileType = wrapper.application; includeInIndex = 0; path = mggroup.app; sourceTree = BUILT_PRODUCTS_DIR; };
		FC1C62801D124B9000BB8445 /* main.m */ = {isa = PBXFileReference; lastKnownFileType = sourcecode.c.objc; path = main.m; sourceTree = "<group>"; };
		FC1C62821D124B9000BB8445 /* AppDelegate.h */ = {isa = PBXFileReference; lastKnownFileType = sourcecode.c.h; path = AppDelegate.h; sourceTree = "<group>"; };
		FC1C62831D124B9000BB8445 /* AppDelegate.m */ = {isa = PBXFileReference; lastKnownFileType = sourcecode.c.objc; path = AppDelegate.m; sourceTree = "<group>"; };
		FC1C62851D124B9000BB8445 /* ViewController.h */ = {isa = PBXFileReference; lastKnownFileType = sourcecode.c.h; path = ViewController.h; sourceTree = "<group>"; };
		FC1C62861D124B9000BB8445 /* ViewController.m */ = {isa = PBXFileReference; lastKnownFileType = sourcecode.c.objc; path = ViewController.m; sourceTree = "<group>"; };
		FC1C62891D124B9000BB8445 /* Base */ = {isa = PBXFileReference; lastKnownFileType = file.storyboard; name = Base; path = Base.lproj/Main.storyboard; sourceTree = "<group>"; };
		FC1C628C1D124B9000BB8445 /* mggroup.xcdatamodel */ = {isa = PBXFileReference; lastKnownFileType = wrapper.xcdatamodel; path = mggroup.xcdatamodel; sourceTree = "<group>"; };
		FC1C628E1D124B9000BB8445 /* Assets.xcassets */ = {isa = PBXFileReference; lastKnownFileType = folder.assetcatalog; path = Assets.xcassets; sourceTree = "<group>"; };
		FC1C62911D124B9000BB8445 /* Base */ = {isa = PBXFileReference; lastKnownFileType = file.storyboard; name = Base; path = Base.lproj/LaunchScreen.storyboard; sourceTree = "<group>"; };
		FC1C62931D124B9000BB8445 /* Info.plist */ = {isa = PBXFileReference; lastKnownFileType = text.plist.xml; path = Info.plist; sourceTree = "<group>"; };
		FC1C62991D12709D00BB8445 /* TaskController.h */ = {isa = PBXFileReference; fileEncoding = 4; lastKnownFileType = sourcecode.c.h; path = TaskController.h; sourceTree = "<group>"; };
		FC1C629A1D12709D00BB8445 /* TaskController.m */ = {isa = PBXFileReference; fileEncoding = 4; lastKnownFileType = sourcecode.c.objc; path = TaskController.m; sourceTree = "<group>"; };
		FC1C629C1D12715800BB8445 /* StartTaskCell.h */ = {isa = PBXFileReference; fileEncoding = 4; lastKnownFileType = sourcecode.c.h; path = StartTaskCell.h; sourceTree = "<group>"; };
		FC1C629D1D12715800BB8445 /* StartTaskCell.m */ = {isa = PBXFileReference; fileEncoding = 4; lastKnownFileType = sourcecode.c.objc; path = StartTaskCell.m; sourceTree = "<group>"; };
		FC1C629F1D12716200BB8445 /* EndTaskCell.h */ = {isa = PBXFileReference; fileEncoding = 4; lastKnownFileType = sourcecode.c.h; path = EndTaskCell.h; sourceTree = "<group>"; };
		FC1C62A01D12716200BB8445 /* EndTaskCell.m */ = {isa = PBXFileReference; fileEncoding = 4; lastKnownFileType = sourcecode.c.objc; path = EndTaskCell.m; sourceTree = "<group>"; };
		FC1C62A31D12850900BB8445 /* WaiterController.h */ = {isa = PBXFileReference; fileEncoding = 4; lastKnownFileType = sourcecode.c.h; path = WaiterController.h; sourceTree = "<group>"; };
		FC1C62A41D12850900BB8445 /* WaiterController.m */ = {isa = PBXFileReference; fileEncoding = 4; lastKnownFileType = sourcecode.c.objc; path = WaiterController.m; sourceTree = "<group>"; };
		FC1C62A71D12859900BB8445 /* WaiterDetailCell.h */ = {isa = PBXFileReference; fileEncoding = 4; lastKnownFileType = sourcecode.c.h; path = WaiterDetailCell.h; sourceTree = "<group>"; };
		FC1C62A81D12859900BB8445 /* WaiterDetailCell.m */ = {isa = PBXFileReference; fileEncoding = 4; lastKnownFileType = sourcecode.c.objc; path = WaiterDetailCell.m; sourceTree = "<group>"; };
		FC1C62AA1D1286D400BB8445 /* WaiterDetailController.h */ = {isa = PBXFileReference; fileEncoding = 4; lastKnownFileType = sourcecode.c.h; path = WaiterDetailController.h; sourceTree = "<group>"; };
		FC1C62AB1D1286D400BB8445 /* WaiterDetailController.m */ = {isa = PBXFileReference; fileEncoding = 4; lastKnownFileType = sourcecode.c.objc; path = WaiterDetailController.m; sourceTree = "<group>"; };
		FC1C62AD1D1286E800BB8445 /* CalendarController.h */ = {isa = PBXFileReference; fileEncoding = 4; lastKnownFileType = sourcecode.c.h; path = CalendarController.h; sourceTree = "<group>"; };
		FC1C62AE1D1286E800BB8445 /* CalendarController.m */ = {isa = PBXFileReference; fileEncoding = 4; lastKnownFileType = sourcecode.c.objc; path = CalendarController.m; sourceTree = "<group>"; };
		FC1C62B01D12870D00BB8445 /* DetailViewController.h */ = {isa = PBXFileReference; fileEncoding = 4; lastKnownFileType = sourcecode.c.h; path = DetailViewController.h; sourceTree = "<group>"; };
		FC1C62B11D12870D00BB8445 /* DetailViewController.m */ = {isa = PBXFileReference; fileEncoding = 4; lastKnownFileType = sourcecode.c.objc; path = DetailViewController.m; sourceTree = "<group>"; };
		FC1C62BE1D12A48A00BB8445 /* DateCell.h */ = {isa = PBXFileReference; fileEncoding = 4; lastKnownFileType = sourcecode.c.h; path = DateCell.h; sourceTree = "<group>"; };
		FC1C62BF1D12A48A00BB8445 /* DateCell.m */ = {isa = PBXFileReference; fileEncoding = 4; lastKnownFileType = sourcecode.c.objc; path = DateCell.m; sourceTree = "<group>"; };
		FC73F31E1DB74B7A005953B9 /* MTWaiter+CoreDataClass.h */ = {isa = PBXFileReference; fileEncoding = 4; lastKnownFileType = sourcecode.c.h; path = "MTWaiter+CoreDataClass.h"; sourceTree = "<group>"; };
		FC73F31F1DB74B7A005953B9 /* MTWaiter+CoreDataClass.m */ = {isa = PBXFileReference; fileEncoding = 4; lastKnownFileType = sourcecode.c.objc; path = "MTWaiter+CoreDataClass.m"; sourceTree = "<group>"; };
		FC73F3201DB74B7A005953B9 /* MTWaiter+CoreDataProperties.h */ = {isa = PBXFileReference; fileEncoding = 4; lastKnownFileType = sourcecode.c.h; path = "MTWaiter+CoreDataProperties.h"; sourceTree = "<group>"; };
		FC73F3211DB74B7A005953B9 /* MTWaiter+CoreDataProperties.m */ = {isa = PBXFileReference; fileEncoding = 4; lastKnownFileType = sourcecode.c.objc; path = "MTWaiter+CoreDataProperties.m"; sourceTree = "<group>"; };
		FC73F3251DB74E34005953B9 /* NetworkUrl.h */ = {isa = PBXFileReference; lastKnownFileType = sourcecode.c.h; path = NetworkUrl.h; sourceTree = "<group>"; };
		FC73F3261DB75A87005953B9 /* mggroup1.0.xcdatamodel */ = {isa = PBXFileReference; lastKnownFileType = wrapper.xcdatamodel; path = mggroup1.0.xcdatamodel; sourceTree = "<group>"; };
		FC73F3271DB761E0005953B9 /* WaiterListCell.h */ = {isa = PBXFileReference; fileEncoding = 4; lastKnownFileType = sourcecode.c.h; path = WaiterListCell.h; sourceTree = "<group>"; };
		FC73F3281DB761E0005953B9 /* WaiterListCell.m */ = {isa = PBXFileReference; fileEncoding = 4; lastKnownFileType = sourcecode.c.objc; path = WaiterListCell.m; sourceTree = "<group>"; };
		FC73F32B1DB7651A005953B9 /* MJRefresh.bundle */ = {isa = PBXFileReference; lastKnownFileType = "wrapper.plug-in"; path = MJRefresh.bundle; sourceTree = "<group>"; };
		FC73F32C1DB7651A005953B9 /* MJRefresh.h */ = {isa = PBXFileReference; fileEncoding = 4; lastKnownFileType = sourcecode.c.h; path = MJRefresh.h; sourceTree = "<group>"; };
		FC73F32D1DB7651A005953B9 /* MJRefreshComponent.h */ = {isa = PBXFileReference; fileEncoding = 4; lastKnownFileType = sourcecode.c.h; path = MJRefreshComponent.h; sourceTree = "<group>"; };
		FC73F32E1DB7651A005953B9 /* MJRefreshComponent.m */ = {isa = PBXFileReference; fileEncoding = 4; lastKnownFileType = sourcecode.c.objc; path = MJRefreshComponent.m; sourceTree = "<group>"; };
		FC73F32F1DB7651A005953B9 /* MJRefreshConst.h */ = {isa = PBXFileReference; fileEncoding = 4; lastKnownFileType = sourcecode.c.h; path = MJRefreshConst.h; sourceTree = "<group>"; };
		FC73F3301DB7651A005953B9 /* MJRefreshConst.m */ = {isa = PBXFileReference; fileEncoding = 4; lastKnownFileType = sourcecode.c.objc; path = MJRefreshConst.m; sourceTree = "<group>"; };
		FC73F3311DB7651A005953B9 /* MJRefreshFooter.h */ = {isa = PBXFileReference; fileEncoding = 4; lastKnownFileType = sourcecode.c.h; path = MJRefreshFooter.h; sourceTree = "<group>"; };
		FC73F3321DB7651A005953B9 /* MJRefreshFooter.m */ = {isa = PBXFileReference; fileEncoding = 4; lastKnownFileType = sourcecode.c.objc; path = MJRefreshFooter.m; sourceTree = "<group>"; };
		FC73F3331DB7651A005953B9 /* MJRefreshGifFooter.h */ = {isa = PBXFileReference; fileEncoding = 4; lastKnownFileType = sourcecode.c.h; path = MJRefreshGifFooter.h; sourceTree = "<group>"; };
		FC73F3341DB7651A005953B9 /* MJRefreshGifFooter.m */ = {isa = PBXFileReference; fileEncoding = 4; lastKnownFileType = sourcecode.c.objc; path = MJRefreshGifFooter.m; sourceTree = "<group>"; };
		FC73F3351DB7651A005953B9 /* MJRefreshGifHeader.h */ = {isa = PBXFileReference; fileEncoding = 4; lastKnownFileType = sourcecode.c.h; path = MJRefreshGifHeader.h; sourceTree = "<group>"; };
		FC73F3361DB7651A005953B9 /* MJRefreshGifHeader.m */ = {isa = PBXFileReference; fileEncoding = 4; lastKnownFileType = sourcecode.c.objc; path = MJRefreshGifHeader.m; sourceTree = "<group>"; };
		FC73F3371DB7651A005953B9 /* MJRefreshHeader.h */ = {isa = PBXFileReference; fileEncoding = 4; lastKnownFileType = sourcecode.c.h; path = MJRefreshHeader.h; sourceTree = "<group>"; };
		FC73F3381DB7651A005953B9 /* MJRefreshHeader.m */ = {isa = PBXFileReference; fileEncoding = 4; lastKnownFileType = sourcecode.c.objc; path = MJRefreshHeader.m; sourceTree = "<group>"; };
		FC73F3391DB7651A005953B9 /* MJRefreshLegendFooter.h */ = {isa = PBXFileReference; fileEncoding = 4; lastKnownFileType = sourcecode.c.h; path = MJRefreshLegendFooter.h; sourceTree = "<group>"; };
		FC73F33A1DB7651A005953B9 /* MJRefreshLegendFooter.m */ = {isa = PBXFileReference; fileEncoding = 4; lastKnownFileType = sourcecode.c.objc; path = MJRefreshLegendFooter.m; sourceTree = "<group>"; };
		FC73F33B1DB7651A005953B9 /* MJRefreshLegendHeader.h */ = {isa = PBXFileReference; fileEncoding = 4; lastKnownFileType = sourcecode.c.h; path = MJRefreshLegendHeader.h; sourceTree = "<group>"; };
		FC73F33C1DB7651A005953B9 /* MJRefreshLegendHeader.m */ = {isa = PBXFileReference; fileEncoding = 4; lastKnownFileType = sourcecode.c.objc; path = MJRefreshLegendHeader.m; sourceTree = "<group>"; };
		FC73F33D1DB7651A005953B9 /* UIScrollView+MJExtension.h */ = {isa = PBXFileReference; fileEncoding = 4; lastKnownFileType = sourcecode.c.h; path = "UIScrollView+MJExtension.h"; sourceTree = "<group>"; };
		FC73F33E1DB7651A005953B9 /* UIScrollView+MJExtension.m */ = {isa = PBXFileReference; fileEncoding = 4; lastKnownFileType = sourcecode.c.objc; path = "UIScrollView+MJExtension.m"; sourceTree = "<group>"; };
		FC73F33F1DB7651A005953B9 /* UIScrollView+MJRefresh.h */ = {isa = PBXFileReference; fileEncoding = 4; lastKnownFileType = sourcecode.c.h; path = "UIScrollView+MJRefresh.h"; sourceTree = "<group>"; };
		FC73F3401DB7651A005953B9 /* UIScrollView+MJRefresh.m */ = {isa = PBXFileReference; fileEncoding = 4; lastKnownFileType = sourcecode.c.objc; path = "UIScrollView+MJRefresh.m"; sourceTree = "<group>"; };
		FC73F3411DB7651A005953B9 /* UIView+MJExtension.h */ = {isa = PBXFileReference; fileEncoding = 4; lastKnownFileType = sourcecode.c.h; path = "UIView+MJExtension.h"; sourceTree = "<group>"; };
		FC73F3421DB7651A005953B9 /* UIView+MJExtension.m */ = {isa = PBXFileReference; fileEncoding = 4; lastKnownFileType = sourcecode.c.objc; path = "UIView+MJExtension.m"; sourceTree = "<group>"; };
		FC8C4CB41D9505A5004C31F7 /* AssignTaskWaiterCell.h */ = {isa = PBXFileReference; fileEncoding = 4; lastKnownFileType = sourcecode.c.h; path = AssignTaskWaiterCell.h; sourceTree = "<group>"; };
		FC8C4CB51D9505A5004C31F7 /* AssignTaskWaiterCell.m */ = {isa = PBXFileReference; fileEncoding = 4; lastKnownFileType = sourcecode.c.objc; path = AssignTaskWaiterCell.m; sourceTree = "<group>"; };
		FCA3386B1D8F799200ED8BFA /* DropDownView.h */ = {isa = PBXFileReference; fileEncoding = 4; lastKnownFileType = sourcecode.c.h; path = DropDownView.h; sourceTree = "<group>"; };
		FCA3386C1D8F799200ED8BFA /* DropDownView.m */ = {isa = PBXFileReference; fileEncoding = 4; lastKnownFileType = sourcecode.c.objc; path = DropDownView.m; sourceTree = "<group>"; };
		FCA3386E1D8F903A00ED8BFA /* CreateWaiterAreaCell.h */ = {isa = PBXFileReference; fileEncoding = 4; lastKnownFileType = sourcecode.c.h; path = CreateWaiterAreaCell.h; sourceTree = "<group>"; };
		FCA3386F1D8F903A00ED8BFA /* CreateWaiterAreaCell.m */ = {isa = PBXFileReference; fileEncoding = 4; lastKnownFileType = sourcecode.c.objc; path = CreateWaiterAreaCell.m; sourceTree = "<group>"; };
		FCA338711D8FC7B500ED8BFA /* WaiterDetailFirstController.h */ = {isa = PBXFileReference; fileEncoding = 4; lastKnownFileType = sourcecode.c.h; path = WaiterDetailFirstController.h; sourceTree = "<group>"; };
		FCA338721D8FC7B500ED8BFA /* WaiterDetailFirstController.m */ = {isa = PBXFileReference; fileEncoding = 4; lastKnownFileType = sourcecode.c.objc; path = WaiterDetailFirstController.m; sourceTree = "<group>"; };
		FCA338741D8FC7C800ED8BFA /* WaiterDetailLastController.h */ = {isa = PBXFileReference; fileEncoding = 4; lastKnownFileType = sourcecode.c.h; path = WaiterDetailLastController.h; sourceTree = "<group>"; };
		FCA338751D8FC7C800ED8BFA /* WaiterDetailLastController.m */ = {isa = PBXFileReference; fileEncoding = 4; lastKnownFileType = sourcecode.c.objc; path = WaiterDetailLastController.m; sourceTree = "<group>"; };
		FCA338771D8FD73200ED8BFA /* WaiterWorkNoteController.h */ = {isa = PBXFileReference; fileEncoding = 4; lastKnownFileType = sourcecode.c.h; path = WaiterWorkNoteController.h; sourceTree = "<group>"; };
		FCA338781D8FD73200ED8BFA /* WaiterWorkNoteController.m */ = {isa = PBXFileReference; fileEncoding = 4; lastKnownFileType = sourcecode.c.objc; path = WaiterWorkNoteController.m; sourceTree = "<group>"; };
		FCA338831D8FEB4C00ED8BFA /* DateChooseController.h */ = {isa = PBXFileReference; fileEncoding = 4; lastKnownFileType = sourcecode.c.h; path = DateChooseController.h; sourceTree = "<group>"; };
		FCA338841D8FEB4C00ED8BFA /* DateChooseController.m */ = {isa = PBXFileReference; fileEncoding = 4; lastKnownFileType = sourcecode.c.objc; path = DateChooseController.m; sourceTree = "<group>"; };
		FCA6F6151D94C5520052F212 /* AssignOrderController.h */ = {isa = PBXFileReference; fileEncoding = 4; lastKnownFileType = sourcecode.c.h; path = AssignOrderController.h; sourceTree = "<group>"; };
		FCA6F6161D94C5520052F212 /* AssignOrderController.m */ = {isa = PBXFileReference; fileEncoding = 4; lastKnownFileType = sourcecode.c.objc; path = AssignOrderController.m; sourceTree = "<group>"; };
		FCA6F6181D94D0FF0052F212 /* TaskCompleteController.h */ = {isa = PBXFileReference; fileEncoding = 4; lastKnownFileType = sourcecode.c.h; path = TaskCompleteController.h; sourceTree = "<group>"; };
		FCA6F6191D94D0FF0052F212 /* TaskCompleteController.m */ = {isa = PBXFileReference; fileEncoding = 4; lastKnownFileType = sourcecode.c.objc; path = TaskCompleteController.m; sourceTree = "<group>"; };
		FCA6F61B1D94D10C0052F212 /* TaskCancelController.h */ = {isa = PBXFileReference; fileEncoding = 4; lastKnownFileType = sourcecode.c.h; path = TaskCancelController.h; sourceTree = "<group>"; };
		FCA6F61C1D94D10C0052F212 /* TaskCancelController.m */ = {isa = PBXFileReference; fileEncoding = 4; lastKnownFileType = sourcecode.c.objc; path = TaskCancelController.m; sourceTree = "<group>"; };
		FCB578FC1D990CBF00B3CA47 /* StatisticsController.h */ = {isa = PBXFileReference; fileEncoding = 4; lastKnownFileType = sourcecode.c.h; path = StatisticsController.h; sourceTree = "<group>"; };
		FCB578FD1D990CBF00B3CA47 /* StatisticsController.m */ = {isa = PBXFileReference; fileEncoding = 4; lastKnownFileType = sourcecode.c.objc; path = StatisticsController.m; sourceTree = "<group>"; };
		FCB578FF1D99158600B3CA47 /* StatisticsDetailController.h */ = {isa = PBXFileReference; fileEncoding = 4; lastKnownFileType = sourcecode.c.h; path = StatisticsDetailController.h; sourceTree = "<group>"; };
		FCB579001D99158600B3CA47 /* StatisticsDetailController.m */ = {isa = PBXFileReference; fileEncoding = 4; lastKnownFileType = sourcecode.c.objc; path = StatisticsDetailController.m; sourceTree = "<group>"; };
		FCB579021D99213F00B3CA47 /* AllTaskNumberCell.h */ = {isa = PBXFileReference; fileEncoding = 4; lastKnownFileType = sourcecode.c.h; path = AllTaskNumberCell.h; sourceTree = "<group>"; };
		FCB579031D99213F00B3CA47 /* AllTaskNumberCell.m */ = {isa = PBXFileReference; fileEncoding = 4; lastKnownFileType = sourcecode.c.objc; path = AllTaskNumberCell.m; sourceTree = "<group>"; };
		FCB579081D99217600B3CA47 /* TaskAreaChooseCell.h */ = {isa = PBXFileReference; fileEncoding = 4; lastKnownFileType = sourcecode.c.h; path = TaskAreaChooseCell.h; sourceTree = "<group>"; };
		FCB579091D99217600B3CA47 /* TaskAreaChooseCell.m */ = {isa = PBXFileReference; fileEncoding = 4; lastKnownFileType = sourcecode.c.objc; path = TaskAreaChooseCell.m; sourceTree = "<group>"; };
		FCB5790B1D99219000B3CA47 /* StatisticsDetailCell.h */ = {isa = PBXFileReference; fileEncoding = 4; lastKnownFileType = sourcecode.c.h; path = StatisticsDetailCell.h; sourceTree = "<group>"; };
		FCB5790C1D99219000B3CA47 /* StatisticsDetailCell.m */ = {isa = PBXFileReference; fileEncoding = 4; lastKnownFileType = sourcecode.c.objc; path = StatisticsDetailCell.m; sourceTree = "<group>"; };
		FCB78BAF1D9A092900B59501 /* DateChooseBaseController.h */ = {isa = PBXFileReference; fileEncoding = 4; lastKnownFileType = sourcecode.c.h; path = DateChooseBaseController.h; sourceTree = "<group>"; };
		FCB78BB01D9A092900B59501 /* DateChooseBaseController.m */ = {isa = PBXFileReference; fileEncoding = 4; lastKnownFileType = sourcecode.c.objc; path = DateChooseBaseController.m; sourceTree = "<group>"; };
		FCC7BCBF1D93B3CC00F0B900 /* TaskBaseController.h */ = {isa = PBXFileReference; fileEncoding = 4; lastKnownFileType = sourcecode.c.h; path = TaskBaseController.h; sourceTree = "<group>"; };
		FCC7BCC01D93B3CC00F0B900 /* TaskBaseController.m */ = {isa = PBXFileReference; fileEncoding = 4; lastKnownFileType = sourcecode.c.objc; path = TaskBaseController.m; sourceTree = "<group>"; };
		FCC7BCC21D93C13800F0B900 /* TaskNoCompleteController.h */ = {isa = PBXFileReference; fileEncoding = 4; lastKnownFileType = sourcecode.c.h; path = TaskNoCompleteController.h; sourceTree = "<group>"; };
		FCC7BCC31D93C13800F0B900 /* TaskNoCompleteController.m */ = {isa = PBXFileReference; fileEncoding = 4; lastKnownFileType = sourcecode.c.objc; path = TaskNoCompleteController.m; sourceTree = "<group>"; };
		FCC7BCC51D93CE1700F0B900 /* TaskCodeCell.h */ = {isa = PBXFileReference; fileEncoding = 4; lastKnownFileType = sourcecode.c.h; path = TaskCodeCell.h; sourceTree = "<group>"; };
		FCC7BCC61D93CE1700F0B900 /* TaskCodeCell.m */ = {isa = PBXFileReference; fileEncoding = 4; lastKnownFileType = sourcecode.c.objc; path = TaskCodeCell.m; sourceTree = "<group>"; };
		FCC7BCC81D93CF7A00F0B900 /* TaskNoAcceptCallCell.h */ = {isa = PBXFileReference; fileEncoding = 4; lastKnownFileType = sourcecode.c.h; path = TaskNoAcceptCallCell.h; sourceTree = "<group>"; };
		FCC7BCC91D93CF7A00F0B900 /* TaskNoAcceptCallCell.m */ = {isa = PBXFileReference; fileEncoding = 4; lastKnownFileType = sourcecode.c.objc; path = TaskNoAcceptCallCell.m; sourceTree = "<group>"; };
		FCC7BCCB1D93CF9200F0B900 /* TaskNoAcceptMenuCell.h */ = {isa = PBXFileReference; fileEncoding = 4; lastKnownFileType = sourcecode.c.h; path = TaskNoAcceptMenuCell.h; sourceTree = "<group>"; };
		FCC7BCCC1D93CF9200F0B900 /* TaskNoAcceptMenuCell.m */ = {isa = PBXFileReference; fileEncoding = 4; lastKnownFileType = sourcecode.c.objc; path = TaskNoAcceptMenuCell.m; sourceTree = "<group>"; };
		FCC7BCCE1D93CFA700F0B900 /* TaskNoCompleteCallCell.h */ = {isa = PBXFileReference; fileEncoding = 4; lastKnownFileType = sourcecode.c.h; path = TaskNoCompleteCallCell.h; sourceTree = "<group>"; };
		FCC7BCCF1D93CFA700F0B900 /* TaskNoCompleteCallCell.m */ = {isa = PBXFileReference; fileEncoding = 4; lastKnownFileType = sourcecode.c.objc; path = TaskNoCompleteCallCell.m; sourceTree = "<group>"; };
		FCC7BCD11D93CFBD00F0B900 /* TaskNoCompleteMenuCell.h */ = {isa = PBXFileReference; fileEncoding = 4; lastKnownFileType = sourcecode.c.h; path = TaskNoCompleteMenuCell.h; sourceTree = "<group>"; };
		FCC7BCD21D93CFBD00F0B900 /* TaskNoCompleteMenuCell.m */ = {isa = PBXFileReference; fileEncoding = 4; lastKnownFileType = sourcecode.c.objc; path = TaskNoCompleteMenuCell.m; sourceTree = "<group>"; };
		FCC7BCD41D93CFD600F0B900 /* TaskCompleteCallCell.h */ = {isa = PBXFileReference; fileEncoding = 4; lastKnownFileType = sourcecode.c.h; path = TaskCompleteCallCell.h; sourceTree = "<group>"; };
		FCC7BCD51D93CFD600F0B900 /* TaskCompleteCallCell.m */ = {isa = PBXFileReference; fileEncoding = 4; lastKnownFileType = sourcecode.c.objc; path = TaskCompleteCallCell.m; sourceTree = "<group>"; };
		FCC7BCD71D93CFEA00F0B900 /* TaskCompleteMenuCell.h */ = {isa = PBXFileReference; fileEncoding = 4; lastKnownFileType = sourcecode.c.h; path = TaskCompleteMenuCell.h; sourceTree = "<group>"; };
		FCC7BCD81D93CFEA00F0B900 /* TaskCompleteMenuCell.m */ = {isa = PBXFileReference; fileEncoding = 4; lastKnownFileType = sourcecode.c.objc; path = TaskCompleteMenuCell.m; sourceTree = "<group>"; };
		FCC7BCDA1D93CFFC00F0B900 /* TaskCancelCallCell.h */ = {isa = PBXFileReference; fileEncoding = 4; lastKnownFileType = sourcecode.c.h; path = TaskCancelCallCell.h; sourceTree = "<group>"; };
		FCC7BCDB1D93CFFC00F0B900 /* TaskCancelCallCell.m */ = {isa = PBXFileReference; fileEncoding = 4; lastKnownFileType = sourcecode.c.objc; path = TaskCancelCallCell.m; sourceTree = "<group>"; };
		FCC7BCDD1D93D01000F0B900 /* TaskCancelMenuCell.h */ = {isa = PBXFileReference; fileEncoding = 4; lastKnownFileType = sourcecode.c.h; path = TaskCancelMenuCell.h; sourceTree = "<group>"; };
		FCC7BCDE1D93D01000F0B900 /* TaskCancelMenuCell.m */ = {isa = PBXFileReference; fileEncoding = 4; lastKnownFileType = sourcecode.c.objc; path = TaskCancelMenuCell.m; sourceTree = "<group>"; };
		FCCECD091DADDC8B009C7DEE /* MTNetwork.h */ = {isa = PBXFileReference; fileEncoding = 4; lastKnownFileType = sourcecode.c.h; path = MTNetwork.h; sourceTree = "<group>"; };
		FCCECD0A1DADDC8B009C7DEE /* MTNetwork.m */ = {isa = PBXFileReference; fileEncoding = 4; lastKnownFileType = sourcecode.c.objc; path = MTNetwork.m; sourceTree = "<group>"; };
		FCCECD0B1DADDC8B009C7DEE /* MTRequestNetwork.h */ = {isa = PBXFileReference; fileEncoding = 4; lastKnownFileType = sourcecode.c.h; path = MTRequestNetwork.h; sourceTree = "<group>"; };
		FCCECD0C1DADDC8B009C7DEE /* MTRequestNetwork.m */ = {isa = PBXFileReference; fileEncoding = 4; lastKnownFileType = sourcecode.c.objc; path = MTRequestNetwork.m; sourceTree = "<group>"; };
		FCCECD0D1DADDC8B009C7DEE /* MTBaseNetworkController.h */ = {isa = PBXFileReference; fileEncoding = 4; lastKnownFileType = sourcecode.c.h; path = MTBaseNetworkController.h; sourceTree = "<group>"; };
		FCCECD0E1DADDC8B009C7DEE /* MTBaseNetworkController.m */ = {isa = PBXFileReference; fileEncoding = 4; lastKnownFileType = sourcecode.c.objc; path = MTBaseNetworkController.m; sourceTree = "<group>"; };
		FCCECD0F1DADDC8B009C7DEE /* MTPagerUnit.h */ = {isa = PBXFileReference; fileEncoding = 4; lastKnownFileType = sourcecode.c.h; path = MTPagerUnit.h; sourceTree = "<group>"; };
		FCCECD101DADDC8B009C7DEE /* MTPagerUnit.m */ = {isa = PBXFileReference; fileEncoding = 4; lastKnownFileType = sourcecode.c.objc; path = MTPagerUnit.m; sourceTree = "<group>"; };
		FCCECD111DADDC8B009C7DEE /* Parser.h */ = {isa = PBXFileReference; fileEncoding = 4; lastKnownFileType = sourcecode.c.h; path = Parser.h; sourceTree = "<group>"; };
		FCCECD121DADDC8B009C7DEE /* Parser.m */ = {isa = PBXFileReference; fileEncoding = 4; lastKnownFileType = sourcecode.c.objc; path = Parser.m; sourceTree = "<group>"; };
		FCCECD191DADDCED009C7DEE /* AFHTTPSessionManager.h */ = {isa = PBXFileReference; fileEncoding = 4; lastKnownFileType = sourcecode.c.h; path = AFHTTPSessionManager.h; sourceTree = "<group>"; };
		FCCECD1A1DADDCED009C7DEE /* AFHTTPSessionManager.m */ = {isa = PBXFileReference; fileEncoding = 4; lastKnownFileType = sourcecode.c.objc; path = AFHTTPSessionManager.m; sourceTree = "<group>"; };
		FCCECD1B1DADDCED009C7DEE /* AFNetworking.h */ = {isa = PBXFileReference; fileEncoding = 4; lastKnownFileType = sourcecode.c.h; path = AFNetworking.h; sourceTree = "<group>"; };
		FCCECD1C1DADDCED009C7DEE /* AFNetworkReachabilityManager.h */ = {isa = PBXFileReference; fileEncoding = 4; lastKnownFileType = sourcecode.c.h; path = AFNetworkReachabilityManager.h; sourceTree = "<group>"; };
		FCCECD1D1DADDCED009C7DEE /* AFNetworkReachabilityManager.m */ = {isa = PBXFileReference; fileEncoding = 4; lastKnownFileType = sourcecode.c.objc; path = AFNetworkReachabilityManager.m; sourceTree = "<group>"; };
		FCCECD1E1DADDCED009C7DEE /* AFSecurityPolicy.h */ = {isa = PBXFileReference; fileEncoding = 4; lastKnownFileType = sourcecode.c.h; path = AFSecurityPolicy.h; sourceTree = "<group>"; };
		FCCECD1F1DADDCED009C7DEE /* AFSecurityPolicy.m */ = {isa = PBXFileReference; fileEncoding = 4; lastKnownFileType = sourcecode.c.objc; path = AFSecurityPolicy.m; sourceTree = "<group>"; };
		FCCECD201DADDCED009C7DEE /* AFURLRequestSerialization.h */ = {isa = PBXFileReference; fileEncoding = 4; lastKnownFileType = sourcecode.c.h; path = AFURLRequestSerialization.h; sourceTree = "<group>"; };
		FCCECD211DADDCED009C7DEE /* AFURLRequestSerialization.m */ = {isa = PBXFileReference; fileEncoding = 4; lastKnownFileType = sourcecode.c.objc; path = AFURLRequestSerialization.m; sourceTree = "<group>"; };
		FCCECD221DADDCED009C7DEE /* AFURLResponseSerialization.h */ = {isa = PBXFileReference; fileEncoding = 4; lastKnownFileType = sourcecode.c.h; path = AFURLResponseSerialization.h; sourceTree = "<group>"; };
		FCCECD231DADDCED009C7DEE /* AFURLResponseSerialization.m */ = {isa = PBXFileReference; fileEncoding = 4; lastKnownFileType = sourcecode.c.objc; path = AFURLResponseSerialization.m; sourceTree = "<group>"; };
		FCCECD241DADDCED009C7DEE /* AFURLSessionManager.h */ = {isa = PBXFileReference; fileEncoding = 4; lastKnownFileType = sourcecode.c.h; path = AFURLSessionManager.h; sourceTree = "<group>"; };
		FCCECD251DADDCED009C7DEE /* AFURLSessionManager.m */ = {isa = PBXFileReference; fileEncoding = 4; lastKnownFileType = sourcecode.c.objc; path = AFURLSessionManager.m; sourceTree = "<group>"; };
		FCCECD2D1DADDD83009C7DEE /* MBProgressHUD.h */ = {isa = PBXFileReference; fileEncoding = 4; lastKnownFileType = sourcecode.c.h; path = MBProgressHUD.h; sourceTree = "<group>"; };
		FCCECD2E1DADDD83009C7DEE /* MBProgressHUD.m */ = {isa = PBXFileReference; fileEncoding = 4; lastKnownFileType = sourcecode.c.objc; path = MBProgressHUD.m; sourceTree = "<group>"; };
		FCCECD301DADDFF9009C7DEE /* PrefixHeader.pch */ = {isa = PBXFileReference; lastKnownFileType = sourcecode.c.h; path = PrefixHeader.pch; sourceTree = "<group>"; };
		FCCECD311DADE22D009C7DEE /* Util.h */ = {isa = PBXFileReference; fileEncoding = 4; lastKnownFileType = sourcecode.c.h; path = Util.h; sourceTree = "<group>"; };
		FCCECD321DADE22D009C7DEE /* Util.m */ = {isa = PBXFileReference; fileEncoding = 4; lastKnownFileType = sourcecode.c.objc; path = Util.m; sourceTree = "<group>"; };
		FCDE87A41D8E62C8003ECBDB /* WaiterChooseController.h */ = {isa = PBXFileReference; fileEncoding = 4; lastKnownFileType = sourcecode.c.h; path = WaiterChooseController.h; sourceTree = "<group>"; };
		FCDE87A51D8E62C8003ECBDB /* WaiterChooseController.m */ = {isa = PBXFileReference; fileEncoding = 4; lastKnownFileType = sourcecode.c.objc; path = WaiterChooseController.m; sourceTree = "<group>"; };
		FCDE87A71D8E70E1003ECBDB /* CreateWaiterController.h */ = {isa = PBXFileReference; fileEncoding = 4; lastKnownFileType = sourcecode.c.h; path = CreateWaiterController.h; sourceTree = "<group>"; };
		FCDE87A81D8E70E1003ECBDB /* CreateWaiterController.m */ = {isa = PBXFileReference; fileEncoding = 4; lastKnownFileType = sourcecode.c.objc; path = CreateWaiterController.m; sourceTree = "<group>"; };
		FCDE87AA1D8E77CA003ECBDB /* CreateWaiterNextController.h */ = {isa = PBXFileReference; fileEncoding = 4; lastKnownFileType = sourcecode.c.h; path = CreateWaiterNextController.h; sourceTree = "<group>"; };
		FCDE87AB1D8E77CA003ECBDB /* CreateWaiterNextController.m */ = {isa = PBXFileReference; fileEncoding = 4; lastKnownFileType = sourcecode.c.objc; path = CreateWaiterNextController.m; sourceTree = "<group>"; };
/* End PBXFileReference section */

/* Begin PBXFrameworksBuildPhase section */
		FC1C62791D124B9000BB8445 /* Frameworks */ = {
			isa = PBXFrameworksBuildPhase;
			buildActionMask = 2147483647;
			files = (
			);
			runOnlyForDeploymentPostprocessing = 0;
		};
/* End PBXFrameworksBuildPhase section */

/* Begin PBXGroup section */
		FC1C62731D124B9000BB8445 = {
			isa = PBXGroup;
			children = (
				FC1C627E1D124B9000BB8445 /* mggroup */,
				FC1C627D1D124B9000BB8445 /* Products */,
			);
			sourceTree = "<group>";
		};
		FC1C627D1D124B9000BB8445 /* Products */ = {
			isa = PBXGroup;
			children = (
				FC1C627C1D124B9000BB8445 /* mggroup.app */,
			);
			name = Products;
			sourceTree = "<group>";
		};
		FC1C627E1D124B9000BB8445 /* mggroup */ = {
			isa = PBXGroup;
			children = (
				FC1C62821D124B9000BB8445 /* AppDelegate.h */,
				FC1C62831D124B9000BB8445 /* AppDelegate.m */,
				FC1C62851D124B9000BB8445 /* ViewController.h */,
				FC1C62861D124B9000BB8445 /* ViewController.m */,
				FC73F3241DB74B80005953B9 /* Database */,
				FCCECD181DADDCA5009C7DEE /* Function */,
				FCCECD081DADDC01009C7DEE /* Network */,
				FCC1675D1D1B6D6C004DFBC4 /* Statistics */,
				FC1C62A61D12851400BB8445 /* Waiter */,
				FC1C62A21D12717000BB8445 /* Task */,
				FC1C62881D124B9000BB8445 /* Main.storyboard */,
				FC1C628E1D124B9000BB8445 /* Assets.xcassets */,
				FC1C62901D124B9000BB8445 /* LaunchScreen.storyboard */,
				FC1C62931D124B9000BB8445 /* Info.plist */,
				FCCECD301DADDFF9009C7DEE /* PrefixHeader.pch */,
				FC73F3251DB74E34005953B9 /* NetworkUrl.h */,
				FC1C627F1D124B9000BB8445 /* Supporting Files */,
			);
			path = mggroup;
			sourceTree = "<group>";
		};
		FC1C627F1D124B9000BB8445 /* Supporting Files */ = {
			isa = PBXGroup;
			children = (
				FC1C62801D124B9000BB8445 /* main.m */,
			);
			name = "Supporting Files";
			sourceTree = "<group>";
		};
		FC1C62A21D12717000BB8445 /* Task */ = {
			isa = PBXGroup;
			children = (
				FCC7BCBF1D93B3CC00F0B900 /* TaskBaseController.h */,
				FCC7BCC01D93B3CC00F0B900 /* TaskBaseController.m */,
				FC1C62991D12709D00BB8445 /* TaskController.h */,
				FC1C629A1D12709D00BB8445 /* TaskController.m */,
				FC1C629C1D12715800BB8445 /* StartTaskCell.h */,
				FC1C629D1D12715800BB8445 /* StartTaskCell.m */,
				FC1C629F1D12716200BB8445 /* EndTaskCell.h */,
				FC1C62A01D12716200BB8445 /* EndTaskCell.m */,
				FCC7BCC21D93C13800F0B900 /* TaskNoCompleteController.h */,
				FCC7BCC31D93C13800F0B900 /* TaskNoCompleteController.m */,
				FCC7BCC51D93CE1700F0B900 /* TaskCodeCell.h */,
				FCC7BCC61D93CE1700F0B900 /* TaskCodeCell.m */,
				FCC7BCC81D93CF7A00F0B900 /* TaskNoAcceptCallCell.h */,
				FCC7BCC91D93CF7A00F0B900 /* TaskNoAcceptCallCell.m */,
				FCC7BCCB1D93CF9200F0B900 /* TaskNoAcceptMenuCell.h */,
				FCC7BCCC1D93CF9200F0B900 /* TaskNoAcceptMenuCell.m */,
				FCC7BCCE1D93CFA700F0B900 /* TaskNoCompleteCallCell.h */,
				FCC7BCCF1D93CFA700F0B900 /* TaskNoCompleteCallCell.m */,
				FCC7BCD11D93CFBD00F0B900 /* TaskNoCompleteMenuCell.h */,
				FCC7BCD21D93CFBD00F0B900 /* TaskNoCompleteMenuCell.m */,
				FCC7BCD41D93CFD600F0B900 /* TaskCompleteCallCell.h */,
				FCC7BCD51D93CFD600F0B900 /* TaskCompleteCallCell.m */,
				FCC7BCD71D93CFEA00F0B900 /* TaskCompleteMenuCell.h */,
				FCC7BCD81D93CFEA00F0B900 /* TaskCompleteMenuCell.m */,
				FCC7BCDA1D93CFFC00F0B900 /* TaskCancelCallCell.h */,
				FCC7BCDB1D93CFFC00F0B900 /* TaskCancelCallCell.m */,
				FCC7BCDD1D93D01000F0B900 /* TaskCancelMenuCell.h */,
				FCC7BCDE1D93D01000F0B900 /* TaskCancelMenuCell.m */,
				FCA6F6151D94C5520052F212 /* AssignOrderController.h */,
				FCA6F6161D94C5520052F212 /* AssignOrderController.m */,
				FCA6F6181D94D0FF0052F212 /* TaskCompleteController.h */,
				FCA6F6191D94D0FF0052F212 /* TaskCompleteController.m */,
				FCA6F61B1D94D10C0052F212 /* TaskCancelController.h */,
				FCA6F61C1D94D10C0052F212 /* TaskCancelController.m */,
				FC8C4CB41D9505A5004C31F7 /* AssignTaskWaiterCell.h */,
				FC8C4CB51D9505A5004C31F7 /* AssignTaskWaiterCell.m */,
			);
			name = Task;
			sourceTree = "<group>";
		};
		FC1C62A61D12851400BB8445 /* Waiter */ = {
			isa = PBXGroup;
			children = (
				FC1C62A31D12850900BB8445 /* WaiterController.h */,
				FC1C62A41D12850900BB8445 /* WaiterController.m */,
				FCDE87A41D8E62C8003ECBDB /* WaiterChooseController.h */,
				FCDE87A51D8E62C8003ECBDB /* WaiterChooseController.m */,
				FC73F3271DB761E0005953B9 /* WaiterListCell.h */,
				FC73F3281DB761E0005953B9 /* WaiterListCell.m */,
				FC1C62A71D12859900BB8445 /* WaiterDetailCell.h */,
				FC1C62A81D12859900BB8445 /* WaiterDetailCell.m */,
				FC1C62AA1D1286D400BB8445 /* WaiterDetailController.h */,
				FC1C62AB1D1286D400BB8445 /* WaiterDetailController.m */,
				FC1C62AD1D1286E800BB8445 /* CalendarController.h */,
				FC1C62AE1D1286E800BB8445 /* CalendarController.m */,
				FC1C62BE1D12A48A00BB8445 /* DateCell.h */,
				FC1C62BF1D12A48A00BB8445 /* DateCell.m */,
				FC1C62B01D12870D00BB8445 /* DetailViewController.h */,
				FC1C62B11D12870D00BB8445 /* DetailViewController.m */,
				FCDE87A71D8E70E1003ECBDB /* CreateWaiterController.h */,
				FCDE87A81D8E70E1003ECBDB /* CreateWaiterController.m */,
				FCDE87AA1D8E77CA003ECBDB /* CreateWaiterNextController.h */,
				FCDE87AB1D8E77CA003ECBDB /* CreateWaiterNextController.m */,
				FCA3386E1D8F903A00ED8BFA /* CreateWaiterAreaCell.h */,
				FCA3386F1D8F903A00ED8BFA /* CreateWaiterAreaCell.m */,
				FCA3386B1D8F799200ED8BFA /* DropDownView.h */,
				FCA3386C1D8F799200ED8BFA /* DropDownView.m */,
				FCA338711D8FC7B500ED8BFA /* WaiterDetailFirstController.h */,
				FCA338721D8FC7B500ED8BFA /* WaiterDetailFirstController.m */,
				FCA338741D8FC7C800ED8BFA /* WaiterDetailLastController.h */,
				FCA338751D8FC7C800ED8BFA /* WaiterDetailLastController.m */,
				FCA338771D8FD73200ED8BFA /* WaiterWorkNoteController.h */,
				FCA338781D8FD73200ED8BFA /* WaiterWorkNoteController.m */,
				FCA338831D8FEB4C00ED8BFA /* DateChooseController.h */,
				FCA338841D8FEB4C00ED8BFA /* DateChooseController.m */,
			);
			name = Waiter;
			sourceTree = "<group>";
		};
		FC73F3241DB74B80005953B9 /* Database */ = {
			isa = PBXGroup;
			children = (
				FC73F31E1DB74B7A005953B9 /* MTWaiter+CoreDataClass.h */,
				FC73F31F1DB74B7A005953B9 /* MTWaiter+CoreDataClass.m */,
				FC73F3201DB74B7A005953B9 /* MTWaiter+CoreDataProperties.h */,
				FC73F3211DB74B7A005953B9 /* MTWaiter+CoreDataProperties.m */,
				FC1C628B1D124B9000BB8445 /* mggroup.xcdatamodeld */,
			);
			name = Database;
			path = ..;
			sourceTree = "<group>";
		};
		FC73F32A1DB7651A005953B9 /* MJRefresh */ = {
			isa = PBXGroup;
			children = (
				FC73F32B1DB7651A005953B9 /* MJRefresh.bundle */,
				FC73F32C1DB7651A005953B9 /* MJRefresh.h */,
				FC73F32D1DB7651A005953B9 /* MJRefreshComponent.h */,
				FC73F32E1DB7651A005953B9 /* MJRefreshComponent.m */,
				FC73F32F1DB7651A005953B9 /* MJRefreshConst.h */,
				FC73F3301DB7651A005953B9 /* MJRefreshConst.m */,
				FC73F3311DB7651A005953B9 /* MJRefreshFooter.h */,
				FC73F3321DB7651A005953B9 /* MJRefreshFooter.m */,
				FC73F3331DB7651A005953B9 /* MJRefreshGifFooter.h */,
				FC73F3341DB7651A005953B9 /* MJRefreshGifFooter.m */,
				FC73F3351DB7651A005953B9 /* MJRefreshGifHeader.h */,
				FC73F3361DB7651A005953B9 /* MJRefreshGifHeader.m */,
				FC73F3371DB7651A005953B9 /* MJRefreshHeader.h */,
				FC73F3381DB7651A005953B9 /* MJRefreshHeader.m */,
				FC73F3391DB7651A005953B9 /* MJRefreshLegendFooter.h */,
				FC73F33A1DB7651A005953B9 /* MJRefreshLegendFooter.m */,
				FC73F33B1DB7651A005953B9 /* MJRefreshLegendHeader.h */,
				FC73F33C1DB7651A005953B9 /* MJRefreshLegendHeader.m */,
				FC73F33D1DB7651A005953B9 /* UIScrollView+MJExtension.h */,
				FC73F33E1DB7651A005953B9 /* UIScrollView+MJExtension.m */,
				FC73F33F1DB7651A005953B9 /* UIScrollView+MJRefresh.h */,
				FC73F3401DB7651A005953B9 /* UIScrollView+MJRefresh.m */,
				FC73F3411DB7651A005953B9 /* UIView+MJExtension.h */,
				FC73F3421DB7651A005953B9 /* UIView+MJExtension.m */,
			);
			path = MJRefresh;
			sourceTree = "<group>";
		};
		FCC1675D1D1B6D6C004DFBC4 /* Statistics */ = {
			isa = PBXGroup;
			children = (
				FCB578FC1D990CBF00B3CA47 /* StatisticsController.h */,
				FCB578FD1D990CBF00B3CA47 /* StatisticsController.m */,
				FCB578FF1D99158600B3CA47 /* StatisticsDetailController.h */,
				FCB579001D99158600B3CA47 /* StatisticsDetailController.m */,
				FCB579021D99213F00B3CA47 /* AllTaskNumberCell.h */,
				FCB579031D99213F00B3CA47 /* AllTaskNumberCell.m */,
				FCB579081D99217600B3CA47 /* TaskAreaChooseCell.h */,
				FCB579091D99217600B3CA47 /* TaskAreaChooseCell.m */,
				FCB5790B1D99219000B3CA47 /* StatisticsDetailCell.h */,
				FCB5790C1D99219000B3CA47 /* StatisticsDetailCell.m */,
				FCB78BAF1D9A092900B59501 /* DateChooseBaseController.h */,
				FCB78BB01D9A092900B59501 /* DateChooseBaseController.m */,
			);
			name = Statistics;
			sourceTree = "<group>";
		};
		FCCECD081DADDC01009C7DEE /* Network */ = {
			isa = PBXGroup;
			children = (
				FCCECD091DADDC8B009C7DEE /* MTNetwork.h */,
				FCCECD0A1DADDC8B009C7DEE /* MTNetwork.m */,
				FCCECD0B1DADDC8B009C7DEE /* MTRequestNetwork.h */,
				FCCECD0C1DADDC8B009C7DEE /* MTRequestNetwork.m */,
				FCCECD0D1DADDC8B009C7DEE /* MTBaseNetworkController.h */,
				FCCECD0E1DADDC8B009C7DEE /* MTBaseNetworkController.m */,
				FCCECD0F1DADDC8B009C7DEE /* MTPagerUnit.h */,
				FCCECD101DADDC8B009C7DEE /* MTPagerUnit.m */,
				FCCECD111DADDC8B009C7DEE /* Parser.h */,
				FCCECD121DADDC8B009C7DEE /* Parser.m */,
			);
			name = Network;
			sourceTree = "<group>";
		};
		FCCECD181DADDCA5009C7DEE /* Function */ = {
			isa = PBXGroup;
			children = (
				FCCECD311DADE22D009C7DEE /* Util.h */,
				FCCECD321DADE22D009C7DEE /* Util.m */,
				FCCECD2D1DADDD83009C7DEE /* MBProgressHUD.h */,
				FCCECD2E1DADDD83009C7DEE /* MBProgressHUD.m */,
				FC73F32A1DB7651A005953B9 /* MJRefresh */,
				FCCECD261DADDCED009C7DEE /* AFNetworking */,
			);
			name = Function;
			sourceTree = "<group>";
		};
		FCCECD261DADDCED009C7DEE /* AFNetworking */ = {
			isa = PBXGroup;
			children = (
				FCCECD191DADDCED009C7DEE /* AFHTTPSessionManager.h */,
				FCCECD1A1DADDCED009C7DEE /* AFHTTPSessionManager.m */,
				FCCECD1B1DADDCED009C7DEE /* AFNetworking.h */,
				FCCECD1C1DADDCED009C7DEE /* AFNetworkReachabilityManager.h */,
				FCCECD1D1DADDCED009C7DEE /* AFNetworkReachabilityManager.m */,
				FCCECD1E1DADDCED009C7DEE /* AFSecurityPolicy.h */,
				FCCECD1F1DADDCED009C7DEE /* AFSecurityPolicy.m */,
				FCCECD201DADDCED009C7DEE /* AFURLRequestSerialization.h */,
				FCCECD211DADDCED009C7DEE /* AFURLRequestSerialization.m */,
				FCCECD221DADDCED009C7DEE /* AFURLResponseSerialization.h */,
				FCCECD231DADDCED009C7DEE /* AFURLResponseSerialization.m */,
				FCCECD241DADDCED009C7DEE /* AFURLSessionManager.h */,
				FCCECD251DADDCED009C7DEE /* AFURLSessionManager.m */,
			);
			name = AFNetworking;
			path = "../../../Desktop/mg-manager-new/mgmanager/Function";
			sourceTree = "<group>";
		};
/* End PBXGroup section */

/* Begin PBXNativeTarget section */
		FC1C627B1D124B9000BB8445 /* mggroup */ = {
			isa = PBXNativeTarget;
			buildConfigurationList = FC1C62961D124B9000BB8445 /* Build configuration list for PBXNativeTarget "mggroup" */;
			buildPhases = (
				FC1C62781D124B9000BB8445 /* Sources */,
				FC1C62791D124B9000BB8445 /* Frameworks */,
				FC1C627A1D124B9000BB8445 /* Resources */,
			);
			buildRules = (
			);
			dependencies = (
			);
			name = mggroup;
			productName = mggroup;
			productReference = FC1C627C1D124B9000BB8445 /* mggroup.app */;
			productType = "com.apple.product-type.application";
		};
/* End PBXNativeTarget section */

/* Begin PBXProject section */
		FC1C62741D124B9000BB8445 /* Project object */ = {
			isa = PBXProject;
			attributes = {
				LastUpgradeCheck = 0800;
				ORGANIZATIONNAME = luoyu;
				TargetAttributes = {
					FC1C627B1D124B9000BB8445 = {
						CreatedOnToolsVersion = 7.3;
						DevelopmentTeam = 29HSV437NA;
						LastSwiftMigration = 0800;
					};
				};
			};
			buildConfigurationList = FC1C62771D124B9000BB8445 /* Build configuration list for PBXProject "mggroup" */;
			compatibilityVersion = "Xcode 3.2";
			developmentRegion = English;
			hasScannedForEncodings = 0;
			knownRegions = (
				en,
				Base,
			);
			mainGroup = FC1C62731D124B9000BB8445;
			productRefGroup = FC1C627D1D124B9000BB8445 /* Products */;
			projectDirPath = "";
			projectRoot = "";
			targets = (
				FC1C627B1D124B9000BB8445 /* mggroup */,
			);
		};
/* End PBXProject section */

/* Begin PBXResourcesBuildPhase section */
		FC1C627A1D124B9000BB8445 /* Resources */ = {
			isa = PBXResourcesBuildPhase;
			buildActionMask = 2147483647;
			files = (
				FC1C62921D124B9000BB8445 /* LaunchScreen.storyboard in Resources */,
				FC1C628F1D124B9000BB8445 /* Assets.xcassets in Resources */,
				FC73F3431DB7651A005953B9 /* MJRefresh.bundle in Resources */,
				FC1C628A1D124B9000BB8445 /* Main.storyboard in Resources */,
			);
			runOnlyForDeploymentPostprocessing = 0;
		};
/* End PBXResourcesBuildPhase section */

/* Begin PBXSourcesBuildPhase section */
		FC1C62781D124B9000BB8445 /* Sources */ = {
			isa = PBXSourcesBuildPhase;
			buildActionMask = 2147483647;
			files = (
				FCC7BCC41D93C13800F0B900 /* TaskNoCompleteController.m in Sources */,
				FC1C62AC1D1286D400BB8445 /* WaiterDetailController.m in Sources */,
				FC1C62AF1D1286E800BB8445 /* CalendarController.m in Sources */,
				FC73F3461DB7651A005953B9 /* MJRefreshFooter.m in Sources */,
				FCA6F6171D94C5520052F212 /* AssignOrderController.m in Sources */,
				FCC7BCDC1D93CFFC00F0B900 /* TaskCancelCallCell.m in Sources */,
				FCC7BCD31D93CFBD00F0B900 /* TaskNoCompleteMenuCell.m in Sources */,
				FC1C629B1D12709D00BB8445 /* TaskController.m in Sources */,
				FCC7BCD61D93CFD600F0B900 /* TaskCompleteCallCell.m in Sources */,
				FCC7BCCD1D93CF9200F0B900 /* TaskNoAcceptMenuCell.m in Sources */,
				FC1C62871D124B9000BB8445 /* ViewController.m in Sources */,
				FC73F3451DB7651A005953B9 /* MJRefreshConst.m in Sources */,
				FC1C62A11D12716200BB8445 /* EndTaskCell.m in Sources */,
				FC73F3221DB74B7A005953B9 /* MTWaiter+CoreDataClass.m in Sources */,
				FCA338701D8F903A00ED8BFA /* CreateWaiterAreaCell.m in Sources */,
				FCCECD281DADDCED009C7DEE /* AFNetworkReachabilityManager.m in Sources */,
				FC73F3231DB74B7A005953B9 /* MTWaiter+CoreDataProperties.m in Sources */,
				FC1C628D1D124B9000BB8445 /* mggroup.xcdatamodeld in Sources */,
				FCA338791D8FD73200ED8BFA /* WaiterWorkNoteController.m in Sources */,
				FCCECD161DADDC8B009C7DEE /* MTPagerUnit.m in Sources */,
				FC73F34C1DB7651A005953B9 /* UIScrollView+MJExtension.m in Sources */,
				FCC7BCD01D93CFA700F0B900 /* TaskNoCompleteCallCell.m in Sources */,
				FCCECD171DADDC8B009C7DEE /* Parser.m in Sources */,
				FC73F34A1DB7651A005953B9 /* MJRefreshLegendFooter.m in Sources */,
				FCB78BB11D9A092900B59501 /* DateChooseBaseController.m in Sources */,
				FCCECD2A1DADDCED009C7DEE /* AFURLRequestSerialization.m in Sources */,
				FCC7BCC71D93CE1700F0B900 /* TaskCodeCell.m in Sources */,
				FCC7BCDF1D93D01000F0B900 /* TaskCancelMenuCell.m in Sources */,
				FCCECD2B1DADDCED009C7DEE /* AFURLResponseSerialization.m in Sources */,
				FC8C4CB61D9505A5004C31F7 /* AssignTaskWaiterCell.m in Sources */,
				FCA6F61D1D94D10C0052F212 /* TaskCancelController.m in Sources */,
				FC73F34E1DB7651A005953B9 /* UIView+MJExtension.m in Sources */,
				FC73F3471DB7651A005953B9 /* MJRefreshGifFooter.m in Sources */,
				FCCECD141DADDC8B009C7DEE /* MTRequestNetwork.m in Sources */,
				FCA3386D1D8F799200ED8BFA /* DropDownView.m in Sources */,
				FC1C62A91D12859900BB8445 /* WaiterDetailCell.m in Sources */,
				FCC7BCD91D93CFEA00F0B900 /* TaskCompleteMenuCell.m in Sources */,
				FC73F3291DB761E0005953B9 /* WaiterListCell.m in Sources */,
				FC73F3441DB7651A005953B9 /* MJRefreshComponent.m in Sources */,
				FCDE87A91D8E70E1003ECBDB /* CreateWaiterController.m in Sources */,
				FC1C629E1D12715800BB8445 /* StartTaskCell.m in Sources */,
				FCDE87AC1D8E77CA003ECBDB /* CreateWaiterNextController.m in Sources */,
				FC73F34D1DB7651A005953B9 /* UIScrollView+MJRefresh.m in Sources */,
				FCB5790D1D99219000B3CA47 /* StatisticsDetailCell.m in Sources */,
				FC1C62A51D12850900BB8445 /* WaiterController.m in Sources */,
				FCB578FE1D990CBF00B3CA47 /* StatisticsController.m in Sources */,
				FC73F34B1DB7651A005953B9 /* MJRefreshLegendHeader.m in Sources */,
				FCCECD151DADDC8B009C7DEE /* MTBaseNetworkController.m in Sources */,
				FCB579041D99213F00B3CA47 /* AllTaskNumberCell.m in Sources */,
				FCCECD2F1DADDD83009C7DEE /* MBProgressHUD.m in Sources */,
				FCB579011D99158600B3CA47 /* StatisticsDetailController.m in Sources */,
				FCDE87A61D8E62C8003ECBDB /* WaiterChooseController.m in Sources */,
				FC1C62841D124B9000BB8445 /* AppDelegate.m in Sources */,
				FCB5790A1D99217600B3CA47 /* TaskAreaChooseCell.m in Sources */,
				FC1C62C01D12A48A00BB8445 /* DateCell.m in Sources */,
				FCC7BCC11D93B3CC00F0B900 /* TaskBaseController.m in Sources */,
				FCCECD271DADDCED009C7DEE /* AFHTTPSessionManager.m in Sources */,
				FC73F3481DB7651A005953B9 /* MJRefreshGifHeader.m in Sources */,
				FCC7BCCA1D93CF7A00F0B900 /* TaskNoAcceptCallCell.m in Sources */,
				FCCECD2C1DADDCED009C7DEE /* AFURLSessionManager.m in Sources */,
				FCCECD331DADE22D009C7DEE /* Util.m in Sources */,
				FCCECD291DADDCED009C7DEE /* AFSecurityPolicy.m in Sources */,
				FCA338851D8FEB4C00ED8BFA /* DateChooseController.m in Sources */,
				FCA338731D8FC7B500ED8BFA /* WaiterDetailFirstController.m in Sources */,
				FCA6F61A1D94D0FF0052F212 /* TaskCompleteController.m in Sources */,
				FC73F3491DB7651A005953B9 /* MJRefreshHeader.m in Sources */,
				FC1C62811D124B9000BB8445 /* main.m in Sources */,
				FCCECD131DADDC8B009C7DEE /* MTNetwork.m in Sources */,
				FCA338761D8FC7C800ED8BFA /* WaiterDetailLastController.m in Sources */,
				FC1C62B21D12870D00BB8445 /* DetailViewController.m in Sources */,
			);
			runOnlyForDeploymentPostprocessing = 0;
		};
/* End PBXSourcesBuildPhase section */

/* Begin PBXVariantGroup section */
		FC1C62881D124B9000BB8445 /* Main.storyboard */ = {
			isa = PBXVariantGroup;
			children = (
				FC1C62891D124B9000BB8445 /* Base */,
			);
			name = Main.storyboard;
			sourceTree = "<group>";
		};
		FC1C62901D124B9000BB8445 /* LaunchScreen.storyboard */ = {
			isa = PBXVariantGroup;
			children = (
				FC1C62911D124B9000BB8445 /* Base */,
			);
			name = LaunchScreen.storyboard;
			sourceTree = "<group>";
		};
/* End PBXVariantGroup section */

/* Begin XCBuildConfiguration section */
		FC1C62941D124B9000BB8445 /* Debug */ = {
			isa = XCBuildConfiguration;
			buildSettings = {
				ALWAYS_SEARCH_USER_PATHS = NO;
				CLANG_ANALYZER_NONNULL = YES;
				CLANG_CXX_LANGUAGE_STANDARD = "gnu++0x";
				CLANG_CXX_LIBRARY = "libc++";
				CLANG_ENABLE_MODULES = YES;
				CLANG_ENABLE_OBJC_ARC = YES;
				CLANG_WARN_BOOL_CONVERSION = YES;
				CLANG_WARN_CONSTANT_CONVERSION = YES;
				CLANG_WARN_DIRECT_OBJC_ISA_USAGE = YES_ERROR;
				CLANG_WARN_EMPTY_BODY = YES;
				CLANG_WARN_ENUM_CONVERSION = YES;
				CLANG_WARN_INFINITE_RECURSION = YES;
				CLANG_WARN_INT_CONVERSION = YES;
				CLANG_WARN_OBJC_ROOT_CLASS = YES_ERROR;
				CLANG_WARN_SUSPICIOUS_MOVE = YES;
				CLANG_WARN_UNREACHABLE_CODE = YES;
				CLANG_WARN__DUPLICATE_METHOD_MATCH = YES;
				"CODE_SIGN_IDENTITY[sdk=iphoneos*]" = "iPhone Developer";
				COPY_PHASE_STRIP = NO;
				DEBUG_INFORMATION_FORMAT = dwarf;
				ENABLE_STRICT_OBJC_MSGSEND = YES;
				ENABLE_TESTABILITY = YES;
				GCC_C_LANGUAGE_STANDARD = gnu99;
				GCC_DYNAMIC_NO_PIC = NO;
				GCC_NO_COMMON_BLOCKS = YES;
				GCC_OPTIMIZATION_LEVEL = 0;
				GCC_PREPROCESSOR_DEFINITIONS = (
					"DEBUG=1",
					"$(inherited)",
				);
				GCC_WARN_64_TO_32_BIT_CONVERSION = YES;
				GCC_WARN_ABOUT_RETURN_TYPE = YES_ERROR;
				GCC_WARN_UNDECLARED_SELECTOR = YES;
				GCC_WARN_UNINITIALIZED_AUTOS = YES_AGGRESSIVE;
				GCC_WARN_UNUSED_FUNCTION = YES;
				GCC_WARN_UNUSED_VARIABLE = YES;
				IPHONEOS_DEPLOYMENT_TARGET = 8.0;
				MTL_ENABLE_DEBUG_INFO = YES;
				ONLY_ACTIVE_ARCH = YES;
				SDKROOT = iphoneos;
			};
			name = Debug;
		};
		FC1C62951D124B9000BB8445 /* Release */ = {
			isa = XCBuildConfiguration;
			buildSettings = {
				ALWAYS_SEARCH_USER_PATHS = NO;
				CLANG_ANALYZER_NONNULL = YES;
				CLANG_CXX_LANGUAGE_STANDARD = "gnu++0x";
				CLANG_CXX_LIBRARY = "libc++";
				CLANG_ENABLE_MODULES = YES;
				CLANG_ENABLE_OBJC_ARC = YES;
				CLANG_WARN_BOOL_CONVERSION = YES;
				CLANG_WARN_CONSTANT_CONVERSION = YES;
				CLANG_WARN_DIRECT_OBJC_ISA_USAGE = YES_ERROR;
				CLANG_WARN_EMPTY_BODY = YES;
				CLANG_WARN_ENUM_CONVERSION = YES;
				CLANG_WARN_INFINITE_RECURSION = YES;
				CLANG_WARN_INT_CONVERSION = YES;
				CLANG_WARN_OBJC_ROOT_CLASS = YES_ERROR;
				CLANG_WARN_SUSPICIOUS_MOVE = YES;
				CLANG_WARN_UNREACHABLE_CODE = YES;
				CLANG_WARN__DUPLICATE_METHOD_MATCH = YES;
				"CODE_SIGN_IDENTITY[sdk=iphoneos*]" = "iPhone Developer";
				COPY_PHASE_STRIP = NO;
				DEBUG_INFORMATION_FORMAT = "dwarf-with-dsym";
				ENABLE_NS_ASSERTIONS = NO;
				ENABLE_STRICT_OBJC_MSGSEND = YES;
				GCC_C_LANGUAGE_STANDARD = gnu99;
				GCC_NO_COMMON_BLOCKS = YES;
				GCC_WARN_64_TO_32_BIT_CONVERSION = YES;
				GCC_WARN_ABOUT_RETURN_TYPE = YES_ERROR;
				GCC_WARN_UNDECLARED_SELECTOR = YES;
				GCC_WARN_UNINITIALIZED_AUTOS = YES_AGGRESSIVE;
				GCC_WARN_UNUSED_FUNCTION = YES;
				GCC_WARN_UNUSED_VARIABLE = YES;
				IPHONEOS_DEPLOYMENT_TARGET = 8.0;
				MTL_ENABLE_DEBUG_INFO = NO;
				SDKROOT = iphoneos;
				VALIDATE_PRODUCT = YES;
			};
			name = Release;
		};
		FC1C62971D124B9000BB8445 /* Debug */ = {
			isa = XCBuildConfiguration;
			buildSettings = {
				ASSETCATALOG_COMPILER_APPICON_NAME = AppIcon;
				CLANG_ENABLE_MODULES = YES;
				DEVELOPMENT_TEAM = 29HSV437NA;
				GCC_INCREASE_PRECOMPILED_HEADER_SHARING = YES;
				GCC_PREFIX_HEADER = "$(SRCROOT)/mggroup/PrefixHeader.pch";
				INFOPLIST_FILE = mggroup/Info.plist;
				IPHONEOS_DEPLOYMENT_TARGET = 8.0;
				LD_RUNPATH_SEARCH_PATHS = "$(inherited) @executable_path/Frameworks";
				PRODUCT_BUNDLE_IDENTIFIER = com.myhotel.manager;
				PRODUCT_NAME = "$(TARGET_NAME)";
				SWIFT_OBJC_BRIDGING_HEADER = "mggroup-Bridging-Header.h";
				SWIFT_OPTIMIZATION_LEVEL = "-Onone";
				SWIFT_VERSION = 3.0;
				TARGETED_DEVICE_FAMILY = "1,2";
			};
			name = Debug;
		};
		FC1C62981D124B9000BB8445 /* Release */ = {
			isa = XCBuildConfiguration;
			buildSettings = {
				ASSETCATALOG_COMPILER_APPICON_NAME = AppIcon;
				CLANG_ENABLE_MODULES = YES;
				DEVELOPMENT_TEAM = 29HSV437NA;
				GCC_INCREASE_PRECOMPILED_HEADER_SHARING = YES;
				GCC_PREFIX_HEADER = "$(SRCROOT)/mggroup/PrefixHeader.pch";
				INFOPLIST_FILE = mggroup/Info.plist;
				IPHONEOS_DEPLOYMENT_TARGET = 8.0;
				LD_RUNPATH_SEARCH_PATHS = "$(inherited) @executable_path/Frameworks";
				PRODUCT_BUNDLE_IDENTIFIER = com.myhotel.manager;
				PRODUCT_NAME = "$(TARGET_NAME)";
				SWIFT_OBJC_BRIDGING_HEADER = "mggroup-Bridging-Header.h";
				SWIFT_VERSION = 3.0;
				TARGETED_DEVICE_FAMILY = "1,2";
			};
			name = Release;
		};
/* End XCBuildConfiguration section */

/* Begin XCConfigurationList section */
		FC1C62771D124B9000BB8445 /* Build configuration list for PBXProject "mggroup" */ = {
			isa = XCConfigurationList;
			buildConfigurations = (
				FC1C62941D124B9000BB8445 /* Debug */,
				FC1C62951D124B9000BB8445 /* Release */,
			);
			defaultConfigurationIsVisible = 0;
			defaultConfigurationName = Debug;
		};
		FC1C62961D124B9000BB8445 /* Build configuration list for PBXNativeTarget "mggroup" */ = {
			isa = XCConfigurationList;
			buildConfigurations = (
				FC1C62971D124B9000BB8445 /* Debug */,
				FC1C62981D124B9000BB8445 /* Release */,
			);
			defaultConfigurationIsVisible = 0;
			defaultConfigurationName = Debug;
		};
/* End XCConfigurationList section */

/* Begin XCVersionGroup section */
		FC1C628B1D124B9000BB8445 /* mggroup.xcdatamodeld */ = {
			isa = XCVersionGroup;
			children = (
				FC73F3261DB75A87005953B9 /* mggroup1.0.xcdatamodel */,
				FC1C628C1D124B9000BB8445 /* mggroup.xcdatamodel */,
			);
			currentVersion = FC1C628C1D124B9000BB8445 /* mggroup.xcdatamodel */;
			name = mggroup.xcdatamodeld;
			path = mggroup/mggroup.xcdatamodeld;
			sourceTree = "<group>";
			versionGroupType = wrapper.xcdatamodel;
		};
/* End XCVersionGroup section */
	};
	rootObject = FC1C62741D124B9000BB8445 /* Project object */;
}
